
Microsoft Visual Studio Solution File, Format Version 12.00
# Visual Studio 2013
VisualStudioVersion = 12.0.31101.0
MinimumVisualStudioVersion = 10.0.40219.1
Project("{2150E333-8FDC-42A3-9474-1A3956D46DE8}") = "Win2D-Getting-Started", "Win2D-Getting-Started", "{F59CE929-DEF4-4938-9E19-F520F50B3F9C}"
	ProjectSection(SolutionItems) = preProject
		README.md = README.md
	EndProjectSection
EndProject
Project("{2150E333-8FDC-42A3-9474-1A3956D46DE8}") = "SourceByEpisode", "SourceByEpisode", "{E3E39E8E-E651-404E-A598-855AEA62A0FA}"
EndProject
Project("{2150E333-8FDC-42A3-9474-1A3956D46DE8}") = "EP1_1 (Environment Setup And Drawing Primitives)", "EP1_1 (Environment Setup And Drawing Primitives)", "{30CE693B-D682-4CF9-A56A-3497AC89BE05}"
EndProject
Project("{D954291E-2A0B-460D-934E-DC6B0785DB48}") = "EP1.Shared", "E:\CGL\Win2D-Getting-Started\EP1\EP1\EP1.Shared\EP1.Shared.shproj", "{8F36F1FC-66FF-4F95-96F7-A3BB9C2140E2}"
EndProject
Project("{FAE04EC0-301F-11D3-BF4B-00C04F79EFBC}") = "EP1.Windows", "E:\CGL\Win2D-Getting-Started\EP1\EP1\EP1.Windows\EP1.Windows.csproj", "{280D7A35-6078-4D34-8C41-B6655515C23B}"
EndProject
Project("{FAE04EC0-301F-11D3-BF4B-00C04F79EFBC}") = "EP1.WindowsPhone", "E:\CGL\Win2D-Getting-Started\EP1\EP1\EP1.WindowsPhone\EP1.WindowsPhone.csproj", "{247C61CB-3D2C-4313-AAE7-A44142CE04D9}"
EndProject
Project("{2150E333-8FDC-42A3-9474-1A3956D46DE8}") = "EP1_3 (Coding The GenericItem)", "EP1_3 (Coding The GenericItem)", "{253BC761-3AA6-43C1-9EA4-AE610C6D9AB5}"
EndProject
Project("{2150E333-8FDC-42A3-9474-1A3956D46DE8}") = "EP1", "EP1", "{86C4C8DA-5AEA-442E-BA48-C174B2534162}"
EndProject
Project("{D954291E-2A0B-460D-934E-DC6B0785DB48}") = "EP1.Shared", "E:\CGL\Win2D-Getting-Started\EP1_3\EP1\EP1.Shared\EP1.Shared.shproj", "{15A0AD6C-D4B9-45F5-AE7D-E4FF4DE7EBC3}"
EndProject
Project("{FAE04EC0-301F-11D3-BF4B-00C04F79EFBC}") = "EP1.Windows", "E:\CGL\Win2D-Getting-Started\EP1_3\EP1\EP1.Windows\EP1.Windows.csproj", "{3ACBDB3A-7E51-48C0-A83C-24879C2D3BAA}"
EndProject
Project("{FAE04EC0-301F-11D3-BF4B-00C04F79EFBC}") = "EP1.WindowsPhone", "E:\CGL\Win2D-Getting-Started\EP1_3\EP1\EP1.WindowsPhone\EP1.WindowsPhone.csproj", "{96984FA5-DD6C-4390-8AEC-31C47B8E1DD0}"
EndProject
Project("{2150E333-8FDC-42A3-9474-1A3956D46DE8}") = "EP1_2 (Loading and Drawing Images)", "EP1_2 (Loading and Drawing Images)", "{21F63501-C3CB-45BC-842F-9C9148060D4F}"
EndProject
Project("{2150E333-8FDC-42A3-9474-1A3956D46DE8}") = "EP1", "EP1", "{5AC48EC4-4E2D-42C3-85E2-608C1923346D}"
EndProject
Project("{D954291E-2A0B-460D-934E-DC6B0785DB48}") = "EP1.Shared", "E:\CGL\Win2D-Getting-Started\EP1_2\EP1\EP1.Shared\EP1.Shared.shproj", "{16827954-DB6F-4617-86C5-0B2F732E3750}"
EndProject
Project("{FAE04EC0-301F-11D3-BF4B-00C04F79EFBC}") = "EP1.Windows", "E:\CGL\Win2D-Getting-Started\EP1_2\EP1\EP1.Windows\EP1.Windows.csproj", "{36704DFE-1058-489E-9ED5-CBD44BFCA6CA}"
EndProject
Project("{FAE04EC0-301F-11D3-BF4B-00C04F79EFBC}") = "EP1.WindowsPhone", "E:\CGL\Win2D-Getting-Started\EP1_2\EP1\EP1.WindowsPhone\EP1.WindowsPhone.csproj", "{520C9FA3-1ABF-4DE4-AB30-59BF8070DB64}"
EndProject
Project("{2150E333-8FDC-42A3-9474-1A3956D46DE8}") = "EP1_4 (Coding The GenericScene And SceneManager", "EP1_4 (Coding The GenericScene And SceneManager", "{61C6978F-67D3-486A-98B1-CB8BE8B19D4C}"
EndProject
Project("{2150E333-8FDC-42A3-9474-1A3956D46DE8}") = "EP1", "EP1", "{020E0C47-5D7D-4581-9837-EA09AFCBE74F}"
EndProject
Project("{D954291E-2A0B-460D-934E-DC6B0785DB48}") = "EP1.Shared", "E:\CGL\Win2D-Getting-Started\EP1_4\EP1\EP1.Shared\EP1.Shared.shproj", "{0DC28836-EA89-4A16-8318-E91F6B6599CF}"
EndProject
Project("{FAE04EC0-301F-11D3-BF4B-00C04F79EFBC}") = "EP1.Windows", "E:\CGL\Win2D-Getting-Started\EP1_4\EP1\EP1.Windows\EP1.Windows.csproj", "{BB7E7775-CB5A-4307-BB05-373C8766092A}"
EndProject
Project("{FAE04EC0-301F-11D3-BF4B-00C04F79EFBC}") = "EP1.WindowsPhone", "E:\CGL\Win2D-Getting-Started\EP1_4\EP1\EP1.WindowsPhone\EP1.WindowsPhone.csproj", "{5950BB1B-5CC1-45EF-A826-8BAD715E3C22}"
EndProject
Project("{2150E333-8FDC-42A3-9474-1A3956D46DE8}") = "EP1_5 (GameLoop and Keeping)", "EP1_5 (GameLoop and Keeping)", "{39CA0ABD-B725-4500-AB95-4B838CCAF382}"
EndProject
Project("{2150E333-8FDC-42A3-9474-1A3956D46DE8}") = "EP1", "EP1", "{068C9D58-ADAE-4357-8A7B-5916E81CEED3}"
EndProject
Project("{D954291E-2A0B-460D-934E-DC6B0785DB48}") = "EP1.Shared", "E:\CGL\Win2D-Getting-Started\EP1_5\EP1\EP1.Shared\EP1.Shared.shproj", "{BED16F97-439D-4298-96EC-04503371CD6B}"
EndProject
Project("{FAE04EC0-301F-11D3-BF4B-00C04F79EFBC}") = "EP1.Windows", "E:\CGL\Win2D-Getting-Started\EP1_5\EP1\EP1.Windows\EP1.Windows.csproj", "{2F49118B-5114-42E0-B103-5F64B9E85069}"
EndProject
Project("{FAE04EC0-301F-11D3-BF4B-00C04F79EFBC}") = "EP1.WindowsPhone", "E:\CGL\Win2D-Getting-Started\EP1_5\EP1\EP1.WindowsPhone\EP1.WindowsPhone.csproj", "{E0615AAB-D679-4697-B237-FC5D20FEE3C6}"
EndProject
Project("{2150E333-8FDC-42A3-9474-1A3956D46DE8}") = "EP1_6 (Input Manager And Game Engine Overview)", "EP1_6 (Input Manager And Game Engine Overview)", "{F23D37A9-419F-453D-A88F-9B2A7B5D5649}"
EndProject
Project("{2150E333-8FDC-42A3-9474-1A3956D46DE8}") = "EP1", "EP1", "{2AF6BD7B-DCB4-420C-A289-64A1026F1828}"
EndProject
Project("{D954291E-2A0B-460D-934E-DC6B0785DB48}") = "EP1.Shared", "E:\CGL\Win2D-Getting-Started\EP1_6\EP1\EP1.Shared\EP1.Shared.shproj", "{291B6061-848B-47E8-9884-4BBE4D8E8E54}"
EndProject
Project("{FAE04EC0-301F-11D3-BF4B-00C04F79EFBC}") = "EP1.Windows", "E:\CGL\Win2D-Getting-Started\EP1_6\EP1\EP1.Windows\EP1.Windows.csproj", "{5CBDF1CF-2BC0-48CA-AE70-7FD3EAE713F2}"
EndProject
Project("{FAE04EC0-301F-11D3-BF4B-00C04F79EFBC}") = "EP1.WindowsPhone", "E:\CGL\Win2D-Getting-Started\EP1_6\EP1\EP1.WindowsPhone\EP1.WindowsPhone.csproj", "{487836C0-7A1C-4B3B-9CEB-A880E25F675D}"
EndProject
Project("{2150E333-8FDC-42A3-9474-1A3956D46DE8}") = "EP1_7 (Capturing Mouse Events)", "EP1_7 (Capturing Mouse Events)", "{ED594710-C279-43C7-8FF7-239225A97BD8}"
EndProject
Project("{2150E333-8FDC-42A3-9474-1A3956D46DE8}") = "EP1", "EP1", "{AA34072E-B4A6-4E7B-B2E0-BD7C0956C429}"
EndProject
Project("{D954291E-2A0B-460D-934E-DC6B0785DB48}") = "EP1.Shared", "E:\CGL\Win2D-Getting-Started\EP1_7\EP1\EP1.Shared\EP1.Shared.shproj", "{E11FCCB5-C31E-4EB4-BCCC-DF433C1DF3C0}"
EndProject
Project("{FAE04EC0-301F-11D3-BF4B-00C04F79EFBC}") = "EP1.Windows", "E:\CGL\Win2D-Getting-Started\EP1_7\EP1\EP1.Windows\EP1.Windows.csproj", "{B560E1CA-E203-460A-A512-80B120382CF5}"
EndProject
Project("{FAE04EC0-301F-11D3-BF4B-00C04F79EFBC}") = "EP1.WindowsPhone", "E:\CGL\Win2D-Getting-Started\EP1_7\EP1\EP1.WindowsPhone\EP1.WindowsPhone.csproj", "{29B336B3-6D32-4769-B58F-8AB8DF956BE4}"
EndProject
Project("{2150E333-8FDC-42A3-9474-1A3956D46DE8}") = "EP1_8 (Optimize Mouse Events and The Generic Button)", "EP1_8 (Optimize Mouse Events and The Generic Button)", "{E2BD5F41-F820-4A1E-AEB7-F6C1ADF3EB06}"
EndProject
Project("{2150E333-8FDC-42A3-9474-1A3956D46DE8}") = "EP1", "EP1", "{DC84542C-7EE6-4F74-AA14-A61213507A9C}"
EndProject
Project("{D954291E-2A0B-460D-934E-DC6B0785DB48}") = "EP1.Shared", "E:\CGL\Win2D-Getting-Started\EP1_8\EP1\EP1.Shared\EP1.Shared.shproj", "{A0CE9FF4-79D8-4EEE-9277-BA754DAF4BCA}"
EndProject
Project("{FAE04EC0-301F-11D3-BF4B-00C04F79EFBC}") = "EP1.Windows", "E:\CGL\Win2D-Getting-Started\EP1_8\EP1\EP1.Windows\EP1.Windows.csproj", "{4680ED7C-A388-4C1E-B64A-6303AE171248}"
EndProject
Project("{FAE04EC0-301F-11D3-BF4B-00C04F79EFBC}") = "EP1.WindowsPhone", "E:\CGL\Win2D-Getting-Started\EP1_8\EP1\EP1.WindowsPhone\EP1.WindowsPhone.csproj", "{05D0166D-221D-4F01-B400-F58994F113A6}"
EndProject
Project("{2150E333-8FDC-42A3-9474-1A3956D46DE8}") = "EP1_9 (Generic Scene Switcher)", "EP1_9 (Generic Scene Switcher)", "{D51C1950-5DA1-4A14-9A6C-6B983DA1AA5C}"
EndProject
Project("{2150E333-8FDC-42A3-9474-1A3956D46DE8}") = "EP1", "EP1", "{D1416132-6506-4585-BCB8-3A50BCDC2C2C}"
EndProject
Project("{D954291E-2A0B-460D-934E-DC6B0785DB48}") = "EP1.Shared", "EP1_9\EP1\EP1.Shared\EP1.Shared.shproj", "{BFCB0EB5-3D19-4FAA-92CC-A7587B0B319A}"
EndProject
Project("{FAE04EC0-301F-11D3-BF4B-00C04F79EFBC}") = "EP1.Windows", "EP1_9\EP1\EP1.Windows\EP1.Windows.csproj", "{9AC513C7-E914-4962-AEA2-674F7631086B}"
EndProject
Project("{FAE04EC0-301F-11D3-BF4B-00C04F79EFBC}") = "EP1.WindowsPhone", "EP1_9\EP1\EP1.WindowsPhone\EP1.WindowsPhone.csproj", "{D5A14F6F-E530-4FF4-B7E8-F9CDA798E8C8}"
EndProject
Project("{2150E333-8FDC-42A3-9474-1A3956D46DE8}") = "EP2_1 (Generic Sprite Sheet Animation)", "EP2_1 (Generic Sprite Sheet Animation)", "{75B1D94E-4742-4B19-847A-4B99064AA159}"
EndProject
Project("{2150E333-8FDC-42A3-9474-1A3956D46DE8}") = "EP1", "EP1", "{3FE81C84-82DA-4ACD-A543-21E4FE357476}"
EndProject
Project("{D954291E-2A0B-460D-934E-DC6B0785DB48}") = "EP1.Shared", "EP2_1\EP1\EP1.Shared\EP1.Shared.shproj", "{978D0130-2354-481E-8E9E-249E27A25212}"
EndProject
Project("{FAE04EC0-301F-11D3-BF4B-00C04F79EFBC}") = "EP1.Windows", "EP2_1\EP1\EP1.Windows\EP1.Windows.csproj", "{FD2311D8-1857-423A-8EAC-CB1BE5BF67F6}"
EndProject
Project("{FAE04EC0-301F-11D3-BF4B-00C04F79EFBC}") = "EP1.WindowsPhone", "EP2_1\EP1\EP1.WindowsPhone\EP1.WindowsPhone.csproj", "{55C537D1-A171-48E8-B919-6A29615A6E7D}"
EndProject
Project("{2150E333-8FDC-42A3-9474-1A3956D46DE8}") = "EP2_2 (Layered Scenes and Parallax Scrolling)", "EP2_2 (Layered Scenes and Parallax Scrolling)", "{36F43F3D-B9B9-4F97-B549-A5D5AB746034}"
EndProject
Project("{2150E333-8FDC-42A3-9474-1A3956D46DE8}") = "EP1", "EP1", "{8EBB6A7E-005E-4F05-BAB7-952944D90DE1}"
EndProject
Project("{D954291E-2A0B-460D-934E-DC6B0785DB48}") = "EP1.Shared", "EP2_2\EP1\EP1.Shared\EP1.Shared.shproj", "{956592A5-0DAC-4894-848C-7EB436F1BF33}"
EndProject
Project("{FAE04EC0-301F-11D3-BF4B-00C04F79EFBC}") = "EP1.Windows", "EP2_2\EP1\EP1.Windows\EP1.Windows.csproj", "{1128B2E0-0B2D-41CF-8A02-0EB0A1743C06}"
EndProject
Project("{FAE04EC0-301F-11D3-BF4B-00C04F79EFBC}") = "EP1.WindowsPhone", "EP2_2\EP1\EP1.WindowsPhone\EP1.WindowsPhone.csproj", "{14B5D9A8-1BD0-45A6-9876-6B004A46942C}"
EndProject
Global
	GlobalSection(SharedMSBuildProjectFiles) = preSolution
		EP1_8\EP1\EP1.Shared\EP1.Shared.projitems*{4680ed7c-a388-4c1e-b64a-6303ae171248}*SharedItemsImports = 4
		EP1_4\EP1\EP1.Shared\EP1.Shared.projitems*{5950bb1b-5cc1-45ef-a826-8bad715e3c22}*SharedItemsImports = 4
		EP2_1\EP1\EP1.Shared\EP1.Shared.projitems*{978d0130-2354-481e-8e9e-249e27a25212}*SharedItemsImports = 13
		EP1_6\EP1\EP1.Shared\EP1.Shared.projitems*{487836c0-7a1c-4b3b-9ceb-a880e25f675d}*SharedItemsImports = 4
		EP1\EP1.Shared\EP1.Shared.projitems*{247c61cb-3d2c-4313-aae7-a44142ce04d9}*SharedItemsImports = 4
		EP1_2\EP1\EP1.Shared\EP1.Shared.projitems*{16827954-db6f-4617-86c5-0b2f732e3750}*SharedItemsImports = 13
		EP1_5\EP1\EP1.Shared\EP1.Shared.projitems*{e0615aab-d679-4697-b237-fc5d20fee3c6}*SharedItemsImports = 4
		EP1_7\EP1\EP1.Shared\EP1.Shared.projitems*{29b336b3-6d32-4769-b58f-8ab8df956be4}*SharedItemsImports = 4
		EP1_8\EP1\EP1.Shared\EP1.Shared.projitems*{05d0166d-221d-4f01-b400-f58994f113a6}*SharedItemsImports = 4
		EP1_7\EP1\EP1.Shared\EP1.Shared.projitems*{b560e1ca-e203-460a-a512-80b120382cf5}*SharedItemsImports = 4
		EP1_6\EP1\EP1.Shared\EP1.Shared.projitems*{291b6061-848b-47e8-9884-4bbe4d8e8e54}*SharedItemsImports = 13
		EP2_2\EP1\EP1.Shared\EP1.Shared.projitems*{956592a5-0dac-4894-848c-7eb436f1bf33}*SharedItemsImports = 13
		EP1_2\EP1\EP1.Shared\EP1.Shared.projitems*{36704dfe-1058-489e-9ed5-cbd44bfca6ca}*SharedItemsImports = 4
		EP1_5\EP1\EP1.Shared\EP1.Shared.projitems*{bed16f97-439d-4298-96ec-04503371cd6b}*SharedItemsImports = 13
		EP1_7\EP1\EP1.Shared\EP1.Shared.projitems*{e11fccb5-c31e-4eb4-bccc-df433c1df3c0}*SharedItemsImports = 13
		EP1\EP1.Shared\EP1.Shared.projitems*{280d7a35-6078-4d34-8c41-b6655515c23b}*SharedItemsImports = 4
		EP1_6\EP1\EP1.Shared\EP1.Shared.projitems*{5cbdf1cf-2bc0-48ca-ae70-7fd3eae713f2}*SharedItemsImports = 4
		EP1_4\EP1\EP1.Shared\EP1.Shared.projitems*{0dc28836-ea89-4a16-8318-e91f6b6599cf}*SharedItemsImports = 13
		EP1_2\EP1\EP1.Shared\EP1.Shared.projitems*{520c9fa3-1abf-4de4-ab30-59bf8070db64}*SharedItemsImports = 4
		EP2_2\EP1\EP1.Shared\EP1.Shared.projitems*{1128b2e0-0b2d-41cf-8a02-0eb0a1743c06}*SharedItemsImports = 4
		EP1_9\EP1\EP1.Shared\EP1.Shared.projitems*{9ac513c7-e914-4962-aea2-674f7631086b}*SharedItemsImports = 4
		EP1_5\EP1\EP1.Shared\EP1.Shared.projitems*{2f49118b-5114-42e0-b103-5f64b9e85069}*SharedItemsImports = 4
		EP1_3\EP1\EP1.Shared\EP1.Shared.projitems*{15a0ad6c-d4b9-45f5-ae7d-e4ff4de7ebc3}*SharedItemsImports = 13
		EP1_9\EP1\EP1.Shared\EP1.Shared.projitems*{bfcb0eb5-3d19-4faa-92cc-a7587b0b319a}*SharedItemsImports = 13
		EP2_1\EP1\EP1.Shared\EP1.Shared.projitems*{fd2311d8-1857-423a-8eac-cb1be5bf67f6}*SharedItemsImports = 4
		EP1_4\EP1\EP1.Shared\EP1.Shared.projitems*{bb7e7775-cb5a-4307-bb05-373c8766092a}*SharedItemsImports = 4
		EP1\EP1.Shared\EP1.Shared.projitems*{8f36f1fc-66ff-4f95-96f7-a3bb9c2140e2}*SharedItemsImports = 13
		EP1_3\EP1\EP1.Shared\EP1.Shared.projitems*{3acbdb3a-7e51-48c0-a83c-24879c2d3baa}*SharedItemsImports = 4
		EP1_8\EP1\EP1.Shared\EP1.Shared.projitems*{a0ce9ff4-79d8-4eee-9277-ba754daf4bca}*SharedItemsImports = 13
		EP1_3\EP1\EP1.Shared\EP1.Shared.projitems*{96984fa5-dd6c-4390-8aec-31c47b8e1dd0}*SharedItemsImports = 4
	EndGlobalSection
	GlobalSection(SolutionConfigurationPlatforms) = preSolution
		Debug|Any CPU = Debug|Any CPU
		Debug|ARM = Debug|ARM
		Debug|Win32 = Debug|Win32
		Debug|x64 = Debug|x64
		Debug|x86 = Debug|x86
		Release|Any CPU = Release|Any CPU
		Release|ARM = Release|ARM
		Release|Win32 = Release|Win32
		Release|x64 = Release|x64
		Release|x86 = Release|x86
	EndGlobalSection
	GlobalSection(ProjectConfigurationPlatforms) = postSolution
		{280D7A35-6078-4D34-8C41-B6655515C23B}.Debug|Any CPU.ActiveCfg = Debug|x86
		{280D7A35-6078-4D34-8C41-B6655515C23B}.Debug|Any CPU.Build.0 = Debug|x86
		{280D7A35-6078-4D34-8C41-B6655515C23B}.Debug|Any CPU.Deploy.0 = Debug|x86
		{280D7A35-6078-4D34-8C41-B6655515C23B}.Debug|ARM.ActiveCfg = Debug|ARM
		{280D7A35-6078-4D34-8C41-B6655515C23B}.Debug|ARM.Build.0 = Debug|ARM
		{280D7A35-6078-4D34-8C41-B6655515C23B}.Debug|ARM.Deploy.0 = Debug|ARM
		{280D7A35-6078-4D34-8C41-B6655515C23B}.Debug|Win32.ActiveCfg = Debug|Win32
		{280D7A35-6078-4D34-8C41-B6655515C23B}.Debug|Win32.Build.0 = Debug|Win32
		{280D7A35-6078-4D34-8C41-B6655515C23B}.Debug|Win32.Deploy.0 = Debug|Win32
		{280D7A35-6078-4D34-8C41-B6655515C23B}.Debug|x64.ActiveCfg = Debug|x64
		{280D7A35-6078-4D34-8C41-B6655515C23B}.Debug|x64.Build.0 = Debug|x64
		{280D7A35-6078-4D34-8C41-B6655515C23B}.Debug|x64.Deploy.0 = Debug|x64
		{280D7A35-6078-4D34-8C41-B6655515C23B}.Debug|x86.ActiveCfg = Debug|x86
		{280D7A35-6078-4D34-8C41-B6655515C23B}.Debug|x86.Build.0 = Debug|x86
		{280D7A35-6078-4D34-8C41-B6655515C23B}.Debug|x86.Deploy.0 = Debug|x86
		{280D7A35-6078-4D34-8C41-B6655515C23B}.Release|Any CPU.ActiveCfg = Release|Any CPU
		{280D7A35-6078-4D34-8C41-B6655515C23B}.Release|Any CPU.Build.0 = Release|Any CPU
		{280D7A35-6078-4D34-8C41-B6655515C23B}.Release|Any CPU.Deploy.0 = Release|Any CPU
		{280D7A35-6078-4D34-8C41-B6655515C23B}.Release|ARM.ActiveCfg = Release|ARM
		{280D7A35-6078-4D34-8C41-B6655515C23B}.Release|ARM.Build.0 = Release|ARM
		{280D7A35-6078-4D34-8C41-B6655515C23B}.Release|ARM.Deploy.0 = Release|ARM
		{280D7A35-6078-4D34-8C41-B6655515C23B}.Release|Win32.ActiveCfg = Release|Win32
		{280D7A35-6078-4D34-8C41-B6655515C23B}.Release|Win32.Build.0 = Release|Win32
		{280D7A35-6078-4D34-8C41-B6655515C23B}.Release|Win32.Deploy.0 = Release|Win32
		{280D7A35-6078-4D34-8C41-B6655515C23B}.Release|x64.ActiveCfg = Release|x64
		{280D7A35-6078-4D34-8C41-B6655515C23B}.Release|x64.Build.0 = Release|x64
		{280D7A35-6078-4D34-8C41-B6655515C23B}.Release|x64.Deploy.0 = Release|x64
		{280D7A35-6078-4D34-8C41-B6655515C23B}.Release|x86.ActiveCfg = Release|x86
		{280D7A35-6078-4D34-8C41-B6655515C23B}.Release|x86.Build.0 = Release|x86
		{280D7A35-6078-4D34-8C41-B6655515C23B}.Release|x86.Deploy.0 = Release|x86
		{247C61CB-3D2C-4313-AAE7-A44142CE04D9}.Debug|Any CPU.ActiveCfg = Debug|x86
		{247C61CB-3D2C-4313-AAE7-A44142CE04D9}.Debug|ARM.ActiveCfg = Debug|ARM
		{247C61CB-3D2C-4313-AAE7-A44142CE04D9}.Debug|ARM.Build.0 = Debug|ARM
		{247C61CB-3D2C-4313-AAE7-A44142CE04D9}.Debug|ARM.Deploy.0 = Debug|ARM
		{247C61CB-3D2C-4313-AAE7-A44142CE04D9}.Debug|Win32.ActiveCfg = Debug|Win32
		{247C61CB-3D2C-4313-AAE7-A44142CE04D9}.Debug|Win32.Build.0 = Debug|Win32
		{247C61CB-3D2C-4313-AAE7-A44142CE04D9}.Debug|Win32.Deploy.0 = Debug|Win32
		{247C61CB-3D2C-4313-AAE7-A44142CE04D9}.Debug|x64.ActiveCfg = Debug|Any CPU
		{247C61CB-3D2C-4313-AAE7-A44142CE04D9}.Debug|x86.ActiveCfg = Debug|x86
		{247C61CB-3D2C-4313-AAE7-A44142CE04D9}.Debug|x86.Build.0 = Debug|x86
		{247C61CB-3D2C-4313-AAE7-A44142CE04D9}.Debug|x86.Deploy.0 = Debug|x86
		{247C61CB-3D2C-4313-AAE7-A44142CE04D9}.Release|Any CPU.ActiveCfg = Release|Any CPU
		{247C61CB-3D2C-4313-AAE7-A44142CE04D9}.Release|Any CPU.Build.0 = Release|Any CPU
		{247C61CB-3D2C-4313-AAE7-A44142CE04D9}.Release|Any CPU.Deploy.0 = Release|Any CPU
		{247C61CB-3D2C-4313-AAE7-A44142CE04D9}.Release|ARM.ActiveCfg = Release|ARM
		{247C61CB-3D2C-4313-AAE7-A44142CE04D9}.Release|ARM.Build.0 = Release|ARM
		{247C61CB-3D2C-4313-AAE7-A44142CE04D9}.Release|ARM.Deploy.0 = Release|ARM
		{247C61CB-3D2C-4313-AAE7-A44142CE04D9}.Release|Win32.ActiveCfg = Release|Win32
		{247C61CB-3D2C-4313-AAE7-A44142CE04D9}.Release|Win32.Build.0 = Release|Win32
		{247C61CB-3D2C-4313-AAE7-A44142CE04D9}.Release|Win32.Deploy.0 = Release|Win32
		{247C61CB-3D2C-4313-AAE7-A44142CE04D9}.Release|x64.ActiveCfg = Release|Any CPU
		{247C61CB-3D2C-4313-AAE7-A44142CE04D9}.Release|x86.ActiveCfg = Release|x86
		{247C61CB-3D2C-4313-AAE7-A44142CE04D9}.Release|x86.Build.0 = Release|x86
		{247C61CB-3D2C-4313-AAE7-A44142CE04D9}.Release|x86.Deploy.0 = Release|x86
		{3ACBDB3A-7E51-48C0-A83C-24879C2D3BAA}.Debug|Any CPU.ActiveCfg = Debug|x86
		{3ACBDB3A-7E51-48C0-A83C-24879C2D3BAA}.Debug|Any CPU.Build.0 = Debug|x86
		{3ACBDB3A-7E51-48C0-A83C-24879C2D3BAA}.Debug|Any CPU.Deploy.0 = Debug|x86
		{3ACBDB3A-7E51-48C0-A83C-24879C2D3BAA}.Debug|ARM.ActiveCfg = Debug|ARM
		{3ACBDB3A-7E51-48C0-A83C-24879C2D3BAA}.Debug|ARM.Build.0 = Debug|ARM
		{3ACBDB3A-7E51-48C0-A83C-24879C2D3BAA}.Debug|ARM.Deploy.0 = Debug|ARM
		{3ACBDB3A-7E51-48C0-A83C-24879C2D3BAA}.Debug|Win32.ActiveCfg = Debug|Win32
		{3ACBDB3A-7E51-48C0-A83C-24879C2D3BAA}.Debug|Win32.Build.0 = Debug|Win32
		{3ACBDB3A-7E51-48C0-A83C-24879C2D3BAA}.Debug|Win32.Deploy.0 = Debug|Win32
		{3ACBDB3A-7E51-48C0-A83C-24879C2D3BAA}.Debug|x64.ActiveCfg = Debug|x64
		{3ACBDB3A-7E51-48C0-A83C-24879C2D3BAA}.Debug|x64.Build.0 = Debug|x64
		{3ACBDB3A-7E51-48C0-A83C-24879C2D3BAA}.Debug|x64.Deploy.0 = Debug|x64
		{3ACBDB3A-7E51-48C0-A83C-24879C2D3BAA}.Debug|x86.ActiveCfg = Debug|x86
		{3ACBDB3A-7E51-48C0-A83C-24879C2D3BAA}.Debug|x86.Build.0 = Debug|x86
		{3ACBDB3A-7E51-48C0-A83C-24879C2D3BAA}.Debug|x86.Deploy.0 = Debug|x86
		{3ACBDB3A-7E51-48C0-A83C-24879C2D3BAA}.Release|Any CPU.ActiveCfg = Release|Any CPU
		{3ACBDB3A-7E51-48C0-A83C-24879C2D3BAA}.Release|Any CPU.Build.0 = Release|Any CPU
		{3ACBDB3A-7E51-48C0-A83C-24879C2D3BAA}.Release|Any CPU.Deploy.0 = Release|Any CPU
		{3ACBDB3A-7E51-48C0-A83C-24879C2D3BAA}.Release|ARM.ActiveCfg = Release|ARM
		{3ACBDB3A-7E51-48C0-A83C-24879C2D3BAA}.Release|ARM.Build.0 = Release|ARM
		{3ACBDB3A-7E51-48C0-A83C-24879C2D3BAA}.Release|ARM.Deploy.0 = Release|ARM
		{3ACBDB3A-7E51-48C0-A83C-24879C2D3BAA}.Release|Win32.ActiveCfg = Release|Win32
		{3ACBDB3A-7E51-48C0-A83C-24879C2D3BAA}.Release|Win32.Build.0 = Release|Win32
		{3ACBDB3A-7E51-48C0-A83C-24879C2D3BAA}.Release|Win32.Deploy.0 = Release|Win32
		{3ACBDB3A-7E51-48C0-A83C-24879C2D3BAA}.Release|x64.ActiveCfg = Release|x64
		{3ACBDB3A-7E51-48C0-A83C-24879C2D3BAA}.Release|x64.Build.0 = Release|x64
		{3ACBDB3A-7E51-48C0-A83C-24879C2D3BAA}.Release|x64.Deploy.0 = Release|x64
		{3ACBDB3A-7E51-48C0-A83C-24879C2D3BAA}.Release|x86.ActiveCfg = Release|x86
		{3ACBDB3A-7E51-48C0-A83C-24879C2D3BAA}.Release|x86.Build.0 = Release|x86
		{3ACBDB3A-7E51-48C0-A83C-24879C2D3BAA}.Release|x86.Deploy.0 = Release|x86
		{96984FA5-DD6C-4390-8AEC-31C47B8E1DD0}.Debug|Any CPU.ActiveCfg = Debug|x86
		{96984FA5-DD6C-4390-8AEC-31C47B8E1DD0}.Debug|ARM.ActiveCfg = Debug|ARM
		{96984FA5-DD6C-4390-8AEC-31C47B8E1DD0}.Debug|ARM.Build.0 = Debug|ARM
		{96984FA5-DD6C-4390-8AEC-31C47B8E1DD0}.Debug|ARM.Deploy.0 = Debug|ARM
		{96984FA5-DD6C-4390-8AEC-31C47B8E1DD0}.Debug|Win32.ActiveCfg = Debug|Win32
		{96984FA5-DD6C-4390-8AEC-31C47B8E1DD0}.Debug|Win32.Build.0 = Debug|Win32
		{96984FA5-DD6C-4390-8AEC-31C47B8E1DD0}.Debug|Win32.Deploy.0 = Debug|Win32
		{96984FA5-DD6C-4390-8AEC-31C47B8E1DD0}.Debug|x64.ActiveCfg = Debug|Any CPU
		{96984FA5-DD6C-4390-8AEC-31C47B8E1DD0}.Debug|x86.ActiveCfg = Debug|x86
		{96984FA5-DD6C-4390-8AEC-31C47B8E1DD0}.Debug|x86.Build.0 = Debug|x86
		{96984FA5-DD6C-4390-8AEC-31C47B8E1DD0}.Debug|x86.Deploy.0 = Debug|x86
		{96984FA5-DD6C-4390-8AEC-31C47B8E1DD0}.Release|Any CPU.ActiveCfg = Release|Any CPU
		{96984FA5-DD6C-4390-8AEC-31C47B8E1DD0}.Release|Any CPU.Build.0 = Release|Any CPU
		{96984FA5-DD6C-4390-8AEC-31C47B8E1DD0}.Release|Any CPU.Deploy.0 = Release|Any CPU
		{96984FA5-DD6C-4390-8AEC-31C47B8E1DD0}.Release|ARM.ActiveCfg = Release|ARM
		{96984FA5-DD6C-4390-8AEC-31C47B8E1DD0}.Release|ARM.Build.0 = Release|ARM
		{96984FA5-DD6C-4390-8AEC-31C47B8E1DD0}.Release|ARM.Deploy.0 = Release|ARM
		{96984FA5-DD6C-4390-8AEC-31C47B8E1DD0}.Release|Win32.ActiveCfg = Release|Win32
		{96984FA5-DD6C-4390-8AEC-31C47B8E1DD0}.Release|Win32.Build.0 = Release|Win32
		{96984FA5-DD6C-4390-8AEC-31C47B8E1DD0}.Release|Win32.Deploy.0 = Release|Win32
		{96984FA5-DD6C-4390-8AEC-31C47B8E1DD0}.Release|x64.ActiveCfg = Release|Any CPU
		{96984FA5-DD6C-4390-8AEC-31C47B8E1DD0}.Release|x86.ActiveCfg = Release|x86
		{96984FA5-DD6C-4390-8AEC-31C47B8E1DD0}.Release|x86.Build.0 = Release|x86
		{96984FA5-DD6C-4390-8AEC-31C47B8E1DD0}.Release|x86.Deploy.0 = Release|x86
		{36704DFE-1058-489E-9ED5-CBD44BFCA6CA}.Debug|Any CPU.ActiveCfg = Debug|x86
		{36704DFE-1058-489E-9ED5-CBD44BFCA6CA}.Debug|Any CPU.Build.0 = Debug|x86
		{36704DFE-1058-489E-9ED5-CBD44BFCA6CA}.Debug|Any CPU.Deploy.0 = Debug|x86
		{36704DFE-1058-489E-9ED5-CBD44BFCA6CA}.Debug|ARM.ActiveCfg = Debug|ARM
		{36704DFE-1058-489E-9ED5-CBD44BFCA6CA}.Debug|ARM.Build.0 = Debug|ARM
		{36704DFE-1058-489E-9ED5-CBD44BFCA6CA}.Debug|ARM.Deploy.0 = Debug|ARM
		{36704DFE-1058-489E-9ED5-CBD44BFCA6CA}.Debug|Win32.ActiveCfg = Debug|Win32
		{36704DFE-1058-489E-9ED5-CBD44BFCA6CA}.Debug|Win32.Build.0 = Debug|Win32
		{36704DFE-1058-489E-9ED5-CBD44BFCA6CA}.Debug|Win32.Deploy.0 = Debug|Win32
		{36704DFE-1058-489E-9ED5-CBD44BFCA6CA}.Debug|x64.ActiveCfg = Debug|x64
		{36704DFE-1058-489E-9ED5-CBD44BFCA6CA}.Debug|x64.Build.0 = Debug|x64
		{36704DFE-1058-489E-9ED5-CBD44BFCA6CA}.Debug|x64.Deploy.0 = Debug|x64
		{36704DFE-1058-489E-9ED5-CBD44BFCA6CA}.Debug|x86.ActiveCfg = Debug|x86
		{36704DFE-1058-489E-9ED5-CBD44BFCA6CA}.Debug|x86.Build.0 = Debug|x86
		{36704DFE-1058-489E-9ED5-CBD44BFCA6CA}.Debug|x86.Deploy.0 = Debug|x86
		{36704DFE-1058-489E-9ED5-CBD44BFCA6CA}.Release|Any CPU.ActiveCfg = Release|Any CPU
		{36704DFE-1058-489E-9ED5-CBD44BFCA6CA}.Release|Any CPU.Build.0 = Release|Any CPU
		{36704DFE-1058-489E-9ED5-CBD44BFCA6CA}.Release|Any CPU.Deploy.0 = Release|Any CPU
		{36704DFE-1058-489E-9ED5-CBD44BFCA6CA}.Release|ARM.ActiveCfg = Release|ARM
		{36704DFE-1058-489E-9ED5-CBD44BFCA6CA}.Release|ARM.Build.0 = Release|ARM
		{36704DFE-1058-489E-9ED5-CBD44BFCA6CA}.Release|ARM.Deploy.0 = Release|ARM
		{36704DFE-1058-489E-9ED5-CBD44BFCA6CA}.Release|Win32.ActiveCfg = Release|Win32
		{36704DFE-1058-489E-9ED5-CBD44BFCA6CA}.Release|Win32.Build.0 = Release|Win32
		{36704DFE-1058-489E-9ED5-CBD44BFCA6CA}.Release|Win32.Deploy.0 = Release|Win32
		{36704DFE-1058-489E-9ED5-CBD44BFCA6CA}.Release|x64.ActiveCfg = Release|x64
		{36704DFE-1058-489E-9ED5-CBD44BFCA6CA}.Release|x64.Build.0 = Release|x64
		{36704DFE-1058-489E-9ED5-CBD44BFCA6CA}.Release|x64.Deploy.0 = Release|x64
		{36704DFE-1058-489E-9ED5-CBD44BFCA6CA}.Release|x86.ActiveCfg = Release|x86
		{36704DFE-1058-489E-9ED5-CBD44BFCA6CA}.Release|x86.Build.0 = Release|x86
		{36704DFE-1058-489E-9ED5-CBD44BFCA6CA}.Release|x86.Deploy.0 = Release|x86
		{520C9FA3-1ABF-4DE4-AB30-59BF8070DB64}.Debug|Any CPU.ActiveCfg = Debug|x86
		{520C9FA3-1ABF-4DE4-AB30-59BF8070DB64}.Debug|ARM.ActiveCfg = Debug|ARM
		{520C9FA3-1ABF-4DE4-AB30-59BF8070DB64}.Debug|ARM.Build.0 = Debug|ARM
		{520C9FA3-1ABF-4DE4-AB30-59BF8070DB64}.Debug|ARM.Deploy.0 = Debug|ARM
		{520C9FA3-1ABF-4DE4-AB30-59BF8070DB64}.Debug|Win32.ActiveCfg = Debug|Win32
		{520C9FA3-1ABF-4DE4-AB30-59BF8070DB64}.Debug|Win32.Build.0 = Debug|Win32
		{520C9FA3-1ABF-4DE4-AB30-59BF8070DB64}.Debug|Win32.Deploy.0 = Debug|Win32
		{520C9FA3-1ABF-4DE4-AB30-59BF8070DB64}.Debug|x64.ActiveCfg = Debug|Any CPU
		{520C9FA3-1ABF-4DE4-AB30-59BF8070DB64}.Debug|x86.ActiveCfg = Debug|x86
		{520C9FA3-1ABF-4DE4-AB30-59BF8070DB64}.Debug|x86.Build.0 = Debug|x86
		{520C9FA3-1ABF-4DE4-AB30-59BF8070DB64}.Debug|x86.Deploy.0 = Debug|x86
		{520C9FA3-1ABF-4DE4-AB30-59BF8070DB64}.Release|Any CPU.ActiveCfg = Release|Any CPU
		{520C9FA3-1ABF-4DE4-AB30-59BF8070DB64}.Release|Any CPU.Build.0 = Release|Any CPU
		{520C9FA3-1ABF-4DE4-AB30-59BF8070DB64}.Release|Any CPU.Deploy.0 = Release|Any CPU
		{520C9FA3-1ABF-4DE4-AB30-59BF8070DB64}.Release|ARM.ActiveCfg = Release|ARM
		{520C9FA3-1ABF-4DE4-AB30-59BF8070DB64}.Release|ARM.Build.0 = Release|ARM
		{520C9FA3-1ABF-4DE4-AB30-59BF8070DB64}.Release|ARM.Deploy.0 = Release|ARM
		{520C9FA3-1ABF-4DE4-AB30-59BF8070DB64}.Release|Win32.ActiveCfg = Release|Win32
		{520C9FA3-1ABF-4DE4-AB30-59BF8070DB64}.Release|Win32.Build.0 = Release|Win32
		{520C9FA3-1ABF-4DE4-AB30-59BF8070DB64}.Release|Win32.Deploy.0 = Release|Win32
		{520C9FA3-1ABF-4DE4-AB30-59BF8070DB64}.Release|x64.ActiveCfg = Release|Any CPU
		{520C9FA3-1ABF-4DE4-AB30-59BF8070DB64}.Release|x86.ActiveCfg = Release|x86
		{520C9FA3-1ABF-4DE4-AB30-59BF8070DB64}.Release|x86.Build.0 = Release|x86
		{520C9FA3-1ABF-4DE4-AB30-59BF8070DB64}.Release|x86.Deploy.0 = Release|x86
		{BB7E7775-CB5A-4307-BB05-373C8766092A}.Debug|Any CPU.ActiveCfg = Debug|x86
		{BB7E7775-CB5A-4307-BB05-373C8766092A}.Debug|Any CPU.Build.0 = Debug|x86
		{BB7E7775-CB5A-4307-BB05-373C8766092A}.Debug|Any CPU.Deploy.0 = Debug|x86
		{BB7E7775-CB5A-4307-BB05-373C8766092A}.Debug|ARM.ActiveCfg = Debug|ARM
		{BB7E7775-CB5A-4307-BB05-373C8766092A}.Debug|ARM.Build.0 = Debug|ARM
		{BB7E7775-CB5A-4307-BB05-373C8766092A}.Debug|ARM.Deploy.0 = Debug|ARM
		{BB7E7775-CB5A-4307-BB05-373C8766092A}.Debug|Win32.ActiveCfg = Debug|Win32
		{BB7E7775-CB5A-4307-BB05-373C8766092A}.Debug|Win32.Build.0 = Debug|Win32
		{BB7E7775-CB5A-4307-BB05-373C8766092A}.Debug|Win32.Deploy.0 = Debug|Win32
		{BB7E7775-CB5A-4307-BB05-373C8766092A}.Debug|x64.ActiveCfg = Debug|x64
		{BB7E7775-CB5A-4307-BB05-373C8766092A}.Debug|x64.Build.0 = Debug|x64
		{BB7E7775-CB5A-4307-BB05-373C8766092A}.Debug|x64.Deploy.0 = Debug|x64
		{BB7E7775-CB5A-4307-BB05-373C8766092A}.Debug|x86.ActiveCfg = Debug|x86
		{BB7E7775-CB5A-4307-BB05-373C8766092A}.Debug|x86.Build.0 = Debug|x86
		{BB7E7775-CB5A-4307-BB05-373C8766092A}.Debug|x86.Deploy.0 = Debug|x86
		{BB7E7775-CB5A-4307-BB05-373C8766092A}.Release|Any CPU.ActiveCfg = Release|Any CPU
		{BB7E7775-CB5A-4307-BB05-373C8766092A}.Release|Any CPU.Build.0 = Release|Any CPU
		{BB7E7775-CB5A-4307-BB05-373C8766092A}.Release|Any CPU.Deploy.0 = Release|Any CPU
		{BB7E7775-CB5A-4307-BB05-373C8766092A}.Release|ARM.ActiveCfg = Release|ARM
		{BB7E7775-CB5A-4307-BB05-373C8766092A}.Release|ARM.Build.0 = Release|ARM
		{BB7E7775-CB5A-4307-BB05-373C8766092A}.Release|ARM.Deploy.0 = Release|ARM
		{BB7E7775-CB5A-4307-BB05-373C8766092A}.Release|Win32.ActiveCfg = Release|Win32
		{BB7E7775-CB5A-4307-BB05-373C8766092A}.Release|Win32.Build.0 = Release|Win32
		{BB7E7775-CB5A-4307-BB05-373C8766092A}.Release|Win32.Deploy.0 = Release|Win32
		{BB7E7775-CB5A-4307-BB05-373C8766092A}.Release|x64.ActiveCfg = Release|x64
		{BB7E7775-CB5A-4307-BB05-373C8766092A}.Release|x64.Build.0 = Release|x64
		{BB7E7775-CB5A-4307-BB05-373C8766092A}.Release|x64.Deploy.0 = Release|x64
		{BB7E7775-CB5A-4307-BB05-373C8766092A}.Release|x86.ActiveCfg = Release|x86
		{BB7E7775-CB5A-4307-BB05-373C8766092A}.Release|x86.Build.0 = Release|x86
		{BB7E7775-CB5A-4307-BB05-373C8766092A}.Release|x86.Deploy.0 = Release|x86
		{5950BB1B-5CC1-45EF-A826-8BAD715E3C22}.Debug|Any CPU.ActiveCfg = Debug|x86
		{5950BB1B-5CC1-45EF-A826-8BAD715E3C22}.Debug|ARM.ActiveCfg = Debug|ARM
		{5950BB1B-5CC1-45EF-A826-8BAD715E3C22}.Debug|ARM.Build.0 = Debug|ARM
		{5950BB1B-5CC1-45EF-A826-8BAD715E3C22}.Debug|ARM.Deploy.0 = Debug|ARM
		{5950BB1B-5CC1-45EF-A826-8BAD715E3C22}.Debug|Win32.ActiveCfg = Debug|Win32
		{5950BB1B-5CC1-45EF-A826-8BAD715E3C22}.Debug|Win32.Build.0 = Debug|Win32
		{5950BB1B-5CC1-45EF-A826-8BAD715E3C22}.Debug|Win32.Deploy.0 = Debug|Win32
		{5950BB1B-5CC1-45EF-A826-8BAD715E3C22}.Debug|x64.ActiveCfg = Debug|Any CPU
		{5950BB1B-5CC1-45EF-A826-8BAD715E3C22}.Debug|x86.ActiveCfg = Debug|x86
		{5950BB1B-5CC1-45EF-A826-8BAD715E3C22}.Debug|x86.Build.0 = Debug|x86
		{5950BB1B-5CC1-45EF-A826-8BAD715E3C22}.Debug|x86.Deploy.0 = Debug|x86
		{5950BB1B-5CC1-45EF-A826-8BAD715E3C22}.Release|Any CPU.ActiveCfg = Release|Any CPU
		{5950BB1B-5CC1-45EF-A826-8BAD715E3C22}.Release|Any CPU.Build.0 = Release|Any CPU
		{5950BB1B-5CC1-45EF-A826-8BAD715E3C22}.Release|Any CPU.Deploy.0 = Release|Any CPU
		{5950BB1B-5CC1-45EF-A826-8BAD715E3C22}.Release|ARM.ActiveCfg = Release|ARM
		{5950BB1B-5CC1-45EF-A826-8BAD715E3C22}.Release|ARM.Build.0 = Release|ARM
		{5950BB1B-5CC1-45EF-A826-8BAD715E3C22}.Release|ARM.Deploy.0 = Release|ARM
		{5950BB1B-5CC1-45EF-A826-8BAD715E3C22}.Release|Win32.ActiveCfg = Release|Win32
		{5950BB1B-5CC1-45EF-A826-8BAD715E3C22}.Release|Win32.Build.0 = Release|Win32
		{5950BB1B-5CC1-45EF-A826-8BAD715E3C22}.Release|Win32.Deploy.0 = Release|Win32
		{5950BB1B-5CC1-45EF-A826-8BAD715E3C22}.Release|x64.ActiveCfg = Release|Any CPU
		{5950BB1B-5CC1-45EF-A826-8BAD715E3C22}.Release|x86.ActiveCfg = Release|x86
		{5950BB1B-5CC1-45EF-A826-8BAD715E3C22}.Release|x86.Build.0 = Release|x86
		{5950BB1B-5CC1-45EF-A826-8BAD715E3C22}.Release|x86.Deploy.0 = Release|x86
		{2F49118B-5114-42E0-B103-5F64B9E85069}.Debug|Any CPU.ActiveCfg = Debug|x86
		{2F49118B-5114-42E0-B103-5F64B9E85069}.Debug|Any CPU.Build.0 = Debug|x86
		{2F49118B-5114-42E0-B103-5F64B9E85069}.Debug|Any CPU.Deploy.0 = Debug|x86
		{2F49118B-5114-42E0-B103-5F64B9E85069}.Debug|ARM.ActiveCfg = Debug|ARM
		{2F49118B-5114-42E0-B103-5F64B9E85069}.Debug|ARM.Build.0 = Debug|ARM
		{2F49118B-5114-42E0-B103-5F64B9E85069}.Debug|ARM.Deploy.0 = Debug|ARM
		{2F49118B-5114-42E0-B103-5F64B9E85069}.Debug|Win32.ActiveCfg = Debug|Win32
		{2F49118B-5114-42E0-B103-5F64B9E85069}.Debug|Win32.Build.0 = Debug|Win32
		{2F49118B-5114-42E0-B103-5F64B9E85069}.Debug|Win32.Deploy.0 = Debug|Win32
		{2F49118B-5114-42E0-B103-5F64B9E85069}.Debug|x64.ActiveCfg = Debug|x64
		{2F49118B-5114-42E0-B103-5F64B9E85069}.Debug|x64.Build.0 = Debug|x64
		{2F49118B-5114-42E0-B103-5F64B9E85069}.Debug|x64.Deploy.0 = Debug|x64
		{2F49118B-5114-42E0-B103-5F64B9E85069}.Debug|x86.ActiveCfg = Debug|x86
		{2F49118B-5114-42E0-B103-5F64B9E85069}.Debug|x86.Build.0 = Debug|x86
		{2F49118B-5114-42E0-B103-5F64B9E85069}.Debug|x86.Deploy.0 = Debug|x86
		{2F49118B-5114-42E0-B103-5F64B9E85069}.Release|Any CPU.ActiveCfg = Release|Any CPU
		{2F49118B-5114-42E0-B103-5F64B9E85069}.Release|Any CPU.Build.0 = Release|Any CPU
		{2F49118B-5114-42E0-B103-5F64B9E85069}.Release|Any CPU.Deploy.0 = Release|Any CPU
		{2F49118B-5114-42E0-B103-5F64B9E85069}.Release|ARM.ActiveCfg = Release|ARM
		{2F49118B-5114-42E0-B103-5F64B9E85069}.Release|ARM.Build.0 = Release|ARM
		{2F49118B-5114-42E0-B103-5F64B9E85069}.Release|ARM.Deploy.0 = Release|ARM
		{2F49118B-5114-42E0-B103-5F64B9E85069}.Release|Win32.ActiveCfg = Release|Win32
		{2F49118B-5114-42E0-B103-5F64B9E85069}.Release|Win32.Build.0 = Release|Win32
		{2F49118B-5114-42E0-B103-5F64B9E85069}.Release|Win32.Deploy.0 = Release|Win32
		{2F49118B-5114-42E0-B103-5F64B9E85069}.Release|x64.ActiveCfg = Release|x64
		{2F49118B-5114-42E0-B103-5F64B9E85069}.Release|x64.Build.0 = Release|x64
		{2F49118B-5114-42E0-B103-5F64B9E85069}.Release|x64.Deploy.0 = Release|x64
		{2F49118B-5114-42E0-B103-5F64B9E85069}.Release|x86.ActiveCfg = Release|x86
		{2F49118B-5114-42E0-B103-5F64B9E85069}.Release|x86.Build.0 = Release|x86
		{2F49118B-5114-42E0-B103-5F64B9E85069}.Release|x86.Deploy.0 = Release|x86
		{E0615AAB-D679-4697-B237-FC5D20FEE3C6}.Debug|Any CPU.ActiveCfg = Debug|x86
		{E0615AAB-D679-4697-B237-FC5D20FEE3C6}.Debug|ARM.ActiveCfg = Debug|ARM
		{E0615AAB-D679-4697-B237-FC5D20FEE3C6}.Debug|ARM.Build.0 = Debug|ARM
		{E0615AAB-D679-4697-B237-FC5D20FEE3C6}.Debug|ARM.Deploy.0 = Debug|ARM
		{E0615AAB-D679-4697-B237-FC5D20FEE3C6}.Debug|Win32.ActiveCfg = Debug|Win32
		{E0615AAB-D679-4697-B237-FC5D20FEE3C6}.Debug|Win32.Build.0 = Debug|Win32
		{E0615AAB-D679-4697-B237-FC5D20FEE3C6}.Debug|Win32.Deploy.0 = Debug|Win32
		{E0615AAB-D679-4697-B237-FC5D20FEE3C6}.Debug|x64.ActiveCfg = Debug|Any CPU
		{E0615AAB-D679-4697-B237-FC5D20FEE3C6}.Debug|x86.ActiveCfg = Debug|x86
		{E0615AAB-D679-4697-B237-FC5D20FEE3C6}.Debug|x86.Build.0 = Debug|x86
		{E0615AAB-D679-4697-B237-FC5D20FEE3C6}.Debug|x86.Deploy.0 = Debug|x86
		{E0615AAB-D679-4697-B237-FC5D20FEE3C6}.Release|Any CPU.ActiveCfg = Release|Any CPU
		{E0615AAB-D679-4697-B237-FC5D20FEE3C6}.Release|Any CPU.Build.0 = Release|Any CPU
		{E0615AAB-D679-4697-B237-FC5D20FEE3C6}.Release|Any CPU.Deploy.0 = Release|Any CPU
		{E0615AAB-D679-4697-B237-FC5D20FEE3C6}.Release|ARM.ActiveCfg = Release|ARM
		{E0615AAB-D679-4697-B237-FC5D20FEE3C6}.Release|ARM.Build.0 = Release|ARM
		{E0615AAB-D679-4697-B237-FC5D20FEE3C6}.Release|ARM.Deploy.0 = Release|ARM
		{E0615AAB-D679-4697-B237-FC5D20FEE3C6}.Release|Win32.ActiveCfg = Release|Win32
		{E0615AAB-D679-4697-B237-FC5D20FEE3C6}.Release|Win32.Build.0 = Release|Win32
		{E0615AAB-D679-4697-B237-FC5D20FEE3C6}.Release|Win32.Deploy.0 = Release|Win32
		{E0615AAB-D679-4697-B237-FC5D20FEE3C6}.Release|x64.ActiveCfg = Release|Any CPU
		{E0615AAB-D679-4697-B237-FC5D20FEE3C6}.Release|x86.ActiveCfg = Release|x86
		{E0615AAB-D679-4697-B237-FC5D20FEE3C6}.Release|x86.Build.0 = Release|x86
		{E0615AAB-D679-4697-B237-FC5D20FEE3C6}.Release|x86.Deploy.0 = Release|x86
		{5CBDF1CF-2BC0-48CA-AE70-7FD3EAE713F2}.Debug|Any CPU.ActiveCfg = Debug|x86
		{5CBDF1CF-2BC0-48CA-AE70-7FD3EAE713F2}.Debug|Any CPU.Build.0 = Debug|x86
		{5CBDF1CF-2BC0-48CA-AE70-7FD3EAE713F2}.Debug|Any CPU.Deploy.0 = Debug|x86
		{5CBDF1CF-2BC0-48CA-AE70-7FD3EAE713F2}.Debug|ARM.ActiveCfg = Debug|ARM
		{5CBDF1CF-2BC0-48CA-AE70-7FD3EAE713F2}.Debug|ARM.Build.0 = Debug|ARM
		{5CBDF1CF-2BC0-48CA-AE70-7FD3EAE713F2}.Debug|ARM.Deploy.0 = Debug|ARM
		{5CBDF1CF-2BC0-48CA-AE70-7FD3EAE713F2}.Debug|Win32.ActiveCfg = Debug|Win32
		{5CBDF1CF-2BC0-48CA-AE70-7FD3EAE713F2}.Debug|Win32.Build.0 = Debug|Win32
		{5CBDF1CF-2BC0-48CA-AE70-7FD3EAE713F2}.Debug|Win32.Deploy.0 = Debug|Win32
		{5CBDF1CF-2BC0-48CA-AE70-7FD3EAE713F2}.Debug|x64.ActiveCfg = Debug|x64
		{5CBDF1CF-2BC0-48CA-AE70-7FD3EAE713F2}.Debug|x64.Build.0 = Debug|x64
		{5CBDF1CF-2BC0-48CA-AE70-7FD3EAE713F2}.Debug|x64.Deploy.0 = Debug|x64
		{5CBDF1CF-2BC0-48CA-AE70-7FD3EAE713F2}.Debug|x86.ActiveCfg = Debug|x86
		{5CBDF1CF-2BC0-48CA-AE70-7FD3EAE713F2}.Debug|x86.Build.0 = Debug|x86
		{5CBDF1CF-2BC0-48CA-AE70-7FD3EAE713F2}.Debug|x86.Deploy.0 = Debug|x86
		{5CBDF1CF-2BC0-48CA-AE70-7FD3EAE713F2}.Release|Any CPU.ActiveCfg = Release|Any CPU
		{5CBDF1CF-2BC0-48CA-AE70-7FD3EAE713F2}.Release|Any CPU.Build.0 = Release|Any CPU
		{5CBDF1CF-2BC0-48CA-AE70-7FD3EAE713F2}.Release|Any CPU.Deploy.0 = Release|Any CPU
		{5CBDF1CF-2BC0-48CA-AE70-7FD3EAE713F2}.Release|ARM.ActiveCfg = Release|ARM
		{5CBDF1CF-2BC0-48CA-AE70-7FD3EAE713F2}.Release|ARM.Build.0 = Release|ARM
		{5CBDF1CF-2BC0-48CA-AE70-7FD3EAE713F2}.Release|ARM.Deploy.0 = Release|ARM
		{5CBDF1CF-2BC0-48CA-AE70-7FD3EAE713F2}.Release|Win32.ActiveCfg = Release|Win32
		{5CBDF1CF-2BC0-48CA-AE70-7FD3EAE713F2}.Release|Win32.Build.0 = Release|Win32
		{5CBDF1CF-2BC0-48CA-AE70-7FD3EAE713F2}.Release|Win32.Deploy.0 = Release|Win32
		{5CBDF1CF-2BC0-48CA-AE70-7FD3EAE713F2}.Release|x64.ActiveCfg = Release|x64
		{5CBDF1CF-2BC0-48CA-AE70-7FD3EAE713F2}.Release|x64.Build.0 = Release|x64
		{5CBDF1CF-2BC0-48CA-AE70-7FD3EAE713F2}.Release|x64.Deploy.0 = Release|x64
		{5CBDF1CF-2BC0-48CA-AE70-7FD3EAE713F2}.Release|x86.ActiveCfg = Release|x86
		{5CBDF1CF-2BC0-48CA-AE70-7FD3EAE713F2}.Release|x86.Build.0 = Release|x86
		{5CBDF1CF-2BC0-48CA-AE70-7FD3EAE713F2}.Release|x86.Deploy.0 = Release|x86
		{487836C0-7A1C-4B3B-9CEB-A880E25F675D}.Debug|Any CPU.ActiveCfg = Debug|x86
		{487836C0-7A1C-4B3B-9CEB-A880E25F675D}.Debug|ARM.ActiveCfg = Debug|ARM
		{487836C0-7A1C-4B3B-9CEB-A880E25F675D}.Debug|ARM.Build.0 = Debug|ARM
		{487836C0-7A1C-4B3B-9CEB-A880E25F675D}.Debug|ARM.Deploy.0 = Debug|ARM
		{487836C0-7A1C-4B3B-9CEB-A880E25F675D}.Debug|Win32.ActiveCfg = Debug|Win32
		{487836C0-7A1C-4B3B-9CEB-A880E25F675D}.Debug|Win32.Build.0 = Debug|Win32
		{487836C0-7A1C-4B3B-9CEB-A880E25F675D}.Debug|Win32.Deploy.0 = Debug|Win32
		{487836C0-7A1C-4B3B-9CEB-A880E25F675D}.Debug|x64.ActiveCfg = Debug|Any CPU
		{487836C0-7A1C-4B3B-9CEB-A880E25F675D}.Debug|x86.ActiveCfg = Debug|x86
		{487836C0-7A1C-4B3B-9CEB-A880E25F675D}.Debug|x86.Build.0 = Debug|x86
		{487836C0-7A1C-4B3B-9CEB-A880E25F675D}.Debug|x86.Deploy.0 = Debug|x86
		{487836C0-7A1C-4B3B-9CEB-A880E25F675D}.Release|Any CPU.ActiveCfg = Release|Any CPU
		{487836C0-7A1C-4B3B-9CEB-A880E25F675D}.Release|Any CPU.Build.0 = Release|Any CPU
		{487836C0-7A1C-4B3B-9CEB-A880E25F675D}.Release|Any CPU.Deploy.0 = Release|Any CPU
		{487836C0-7A1C-4B3B-9CEB-A880E25F675D}.Release|ARM.ActiveCfg = Release|ARM
		{487836C0-7A1C-4B3B-9CEB-A880E25F675D}.Release|ARM.Build.0 = Release|ARM
		{487836C0-7A1C-4B3B-9CEB-A880E25F675D}.Release|ARM.Deploy.0 = Release|ARM
		{487836C0-7A1C-4B3B-9CEB-A880E25F675D}.Release|Win32.ActiveCfg = Release|Win32
		{487836C0-7A1C-4B3B-9CEB-A880E25F675D}.Release|Win32.Build.0 = Release|Win32
		{487836C0-7A1C-4B3B-9CEB-A880E25F675D}.Release|Win32.Deploy.0 = Release|Win32
		{487836C0-7A1C-4B3B-9CEB-A880E25F675D}.Release|x64.ActiveCfg = Release|Any CPU
		{487836C0-7A1C-4B3B-9CEB-A880E25F675D}.Release|x86.ActiveCfg = Release|x86
		{487836C0-7A1C-4B3B-9CEB-A880E25F675D}.Release|x86.Build.0 = Release|x86
		{487836C0-7A1C-4B3B-9CEB-A880E25F675D}.Release|x86.Deploy.0 = Release|x86
		{B560E1CA-E203-460A-A512-80B120382CF5}.Debug|Any CPU.ActiveCfg = Debug|x86
		{B560E1CA-E203-460A-A512-80B120382CF5}.Debug|Any CPU.Build.0 = Debug|x86
		{B560E1CA-E203-460A-A512-80B120382CF5}.Debug|Any CPU.Deploy.0 = Debug|x86
		{B560E1CA-E203-460A-A512-80B120382CF5}.Debug|ARM.ActiveCfg = Debug|ARM
		{B560E1CA-E203-460A-A512-80B120382CF5}.Debug|ARM.Build.0 = Debug|ARM
		{B560E1CA-E203-460A-A512-80B120382CF5}.Debug|ARM.Deploy.0 = Debug|ARM
		{B560E1CA-E203-460A-A512-80B120382CF5}.Debug|Win32.ActiveCfg = Debug|Win32
		{B560E1CA-E203-460A-A512-80B120382CF5}.Debug|Win32.Build.0 = Debug|Win32
		{B560E1CA-E203-460A-A512-80B120382CF5}.Debug|Win32.Deploy.0 = Debug|Win32
		{B560E1CA-E203-460A-A512-80B120382CF5}.Debug|x64.ActiveCfg = Debug|x64
		{B560E1CA-E203-460A-A512-80B120382CF5}.Debug|x64.Build.0 = Debug|x64
		{B560E1CA-E203-460A-A512-80B120382CF5}.Debug|x64.Deploy.0 = Debug|x64
		{B560E1CA-E203-460A-A512-80B120382CF5}.Debug|x86.ActiveCfg = Debug|x86
		{B560E1CA-E203-460A-A512-80B120382CF5}.Debug|x86.Build.0 = Debug|x86
		{B560E1CA-E203-460A-A512-80B120382CF5}.Debug|x86.Deploy.0 = Debug|x86
		{B560E1CA-E203-460A-A512-80B120382CF5}.Release|Any CPU.ActiveCfg = Release|Any CPU
		{B560E1CA-E203-460A-A512-80B120382CF5}.Release|Any CPU.Build.0 = Release|Any CPU
		{B560E1CA-E203-460A-A512-80B120382CF5}.Release|Any CPU.Deploy.0 = Release|Any CPU
		{B560E1CA-E203-460A-A512-80B120382CF5}.Release|ARM.ActiveCfg = Release|ARM
		{B560E1CA-E203-460A-A512-80B120382CF5}.Release|ARM.Build.0 = Release|ARM
		{B560E1CA-E203-460A-A512-80B120382CF5}.Release|ARM.Deploy.0 = Release|ARM
		{B560E1CA-E203-460A-A512-80B120382CF5}.Release|Win32.ActiveCfg = Release|Win32
		{B560E1CA-E203-460A-A512-80B120382CF5}.Release|Win32.Build.0 = Release|Win32
		{B560E1CA-E203-460A-A512-80B120382CF5}.Release|Win32.Deploy.0 = Release|Win32
		{B560E1CA-E203-460A-A512-80B120382CF5}.Release|x64.ActiveCfg = Release|x64
		{B560E1CA-E203-460A-A512-80B120382CF5}.Release|x64.Build.0 = Release|x64
		{B560E1CA-E203-460A-A512-80B120382CF5}.Release|x64.Deploy.0 = Release|x64
		{B560E1CA-E203-460A-A512-80B120382CF5}.Release|x86.ActiveCfg = Release|x86
		{B560E1CA-E203-460A-A512-80B120382CF5}.Release|x86.Build.0 = Release|x86
		{B560E1CA-E203-460A-A512-80B120382CF5}.Release|x86.Deploy.0 = Release|x86
		{29B336B3-6D32-4769-B58F-8AB8DF956BE4}.Debug|Any CPU.ActiveCfg = Debug|x86
		{29B336B3-6D32-4769-B58F-8AB8DF956BE4}.Debug|ARM.ActiveCfg = Debug|ARM
		{29B336B3-6D32-4769-B58F-8AB8DF956BE4}.Debug|ARM.Build.0 = Debug|ARM
		{29B336B3-6D32-4769-B58F-8AB8DF956BE4}.Debug|ARM.Deploy.0 = Debug|ARM
		{29B336B3-6D32-4769-B58F-8AB8DF956BE4}.Debug|Win32.ActiveCfg = Debug|Win32
		{29B336B3-6D32-4769-B58F-8AB8DF956BE4}.Debug|Win32.Build.0 = Debug|Win32
		{29B336B3-6D32-4769-B58F-8AB8DF956BE4}.Debug|Win32.Deploy.0 = Debug|Win32
		{29B336B3-6D32-4769-B58F-8AB8DF956BE4}.Debug|x64.ActiveCfg = Debug|Any CPU
		{29B336B3-6D32-4769-B58F-8AB8DF956BE4}.Debug|x86.ActiveCfg = Debug|x86
		{29B336B3-6D32-4769-B58F-8AB8DF956BE4}.Debug|x86.Build.0 = Debug|x86
		{29B336B3-6D32-4769-B58F-8AB8DF956BE4}.Debug|x86.Deploy.0 = Debug|x86
		{29B336B3-6D32-4769-B58F-8AB8DF956BE4}.Release|Any CPU.ActiveCfg = Release|Any CPU
		{29B336B3-6D32-4769-B58F-8AB8DF956BE4}.Release|Any CPU.Build.0 = Release|Any CPU
		{29B336B3-6D32-4769-B58F-8AB8DF956BE4}.Release|Any CPU.Deploy.0 = Release|Any CPU
		{29B336B3-6D32-4769-B58F-8AB8DF956BE4}.Release|ARM.ActiveCfg = Release|ARM
		{29B336B3-6D32-4769-B58F-8AB8DF956BE4}.Release|ARM.Build.0 = Release|ARM
		{29B336B3-6D32-4769-B58F-8AB8DF956BE4}.Release|ARM.Deploy.0 = Release|ARM
		{29B336B3-6D32-4769-B58F-8AB8DF956BE4}.Release|Win32.ActiveCfg = Release|Win32
		{29B336B3-6D32-4769-B58F-8AB8DF956BE4}.Release|Win32.Build.0 = Release|Win32
		{29B336B3-6D32-4769-B58F-8AB8DF956BE4}.Release|Win32.Deploy.0 = Release|Win32
		{29B336B3-6D32-4769-B58F-8AB8DF956BE4}.Release|x64.ActiveCfg = Release|Any CPU
		{29B336B3-6D32-4769-B58F-8AB8DF956BE4}.Release|x86.ActiveCfg = Release|x86
		{29B336B3-6D32-4769-B58F-8AB8DF956BE4}.Release|x86.Build.0 = Release|x86
		{29B336B3-6D32-4769-B58F-8AB8DF956BE4}.Release|x86.Deploy.0 = Release|x86
		{4680ED7C-A388-4C1E-B64A-6303AE171248}.Debug|Any CPU.ActiveCfg = Debug|x86
		{4680ED7C-A388-4C1E-B64A-6303AE171248}.Debug|Any CPU.Build.0 = Debug|x86
		{4680ED7C-A388-4C1E-B64A-6303AE171248}.Debug|Any CPU.Deploy.0 = Debug|x86
		{4680ED7C-A388-4C1E-B64A-6303AE171248}.Debug|ARM.ActiveCfg = Debug|ARM
		{4680ED7C-A388-4C1E-B64A-6303AE171248}.Debug|ARM.Build.0 = Debug|ARM
		{4680ED7C-A388-4C1E-B64A-6303AE171248}.Debug|ARM.Deploy.0 = Debug|ARM
		{4680ED7C-A388-4C1E-B64A-6303AE171248}.Debug|Win32.ActiveCfg = Debug|Win32
		{4680ED7C-A388-4C1E-B64A-6303AE171248}.Debug|Win32.Build.0 = Debug|Win32
		{4680ED7C-A388-4C1E-B64A-6303AE171248}.Debug|Win32.Deploy.0 = Debug|Win32
		{4680ED7C-A388-4C1E-B64A-6303AE171248}.Debug|x64.ActiveCfg = Debug|x64
		{4680ED7C-A388-4C1E-B64A-6303AE171248}.Debug|x64.Build.0 = Debug|x64
		{4680ED7C-A388-4C1E-B64A-6303AE171248}.Debug|x64.Deploy.0 = Debug|x64
		{4680ED7C-A388-4C1E-B64A-6303AE171248}.Debug|x86.ActiveCfg = Debug|x86
		{4680ED7C-A388-4C1E-B64A-6303AE171248}.Debug|x86.Build.0 = Debug|x86
		{4680ED7C-A388-4C1E-B64A-6303AE171248}.Debug|x86.Deploy.0 = Debug|x86
		{4680ED7C-A388-4C1E-B64A-6303AE171248}.Release|Any CPU.ActiveCfg = Release|Any CPU
		{4680ED7C-A388-4C1E-B64A-6303AE171248}.Release|Any CPU.Build.0 = Release|Any CPU
		{4680ED7C-A388-4C1E-B64A-6303AE171248}.Release|Any CPU.Deploy.0 = Release|Any CPU
		{4680ED7C-A388-4C1E-B64A-6303AE171248}.Release|ARM.ActiveCfg = Release|ARM
		{4680ED7C-A388-4C1E-B64A-6303AE171248}.Release|ARM.Build.0 = Release|ARM
		{4680ED7C-A388-4C1E-B64A-6303AE171248}.Release|ARM.Deploy.0 = Release|ARM
		{4680ED7C-A388-4C1E-B64A-6303AE171248}.Release|Win32.ActiveCfg = Release|Win32
		{4680ED7C-A388-4C1E-B64A-6303AE171248}.Release|Win32.Build.0 = Release|Win32
		{4680ED7C-A388-4C1E-B64A-6303AE171248}.Release|Win32.Deploy.0 = Release|Win32
		{4680ED7C-A388-4C1E-B64A-6303AE171248}.Release|x64.ActiveCfg = Release|x64
		{4680ED7C-A388-4C1E-B64A-6303AE171248}.Release|x64.Build.0 = Release|x64
		{4680ED7C-A388-4C1E-B64A-6303AE171248}.Release|x64.Deploy.0 = Release|x64
		{4680ED7C-A388-4C1E-B64A-6303AE171248}.Release|x86.ActiveCfg = Release|x86
		{4680ED7C-A388-4C1E-B64A-6303AE171248}.Release|x86.Build.0 = Release|x86
		{4680ED7C-A388-4C1E-B64A-6303AE171248}.Release|x86.Deploy.0 = Release|x86
		{05D0166D-221D-4F01-B400-F58994F113A6}.Debug|Any CPU.ActiveCfg = Debug|x86
		{05D0166D-221D-4F01-B400-F58994F113A6}.Debug|ARM.ActiveCfg = Debug|ARM
		{05D0166D-221D-4F01-B400-F58994F113A6}.Debug|ARM.Build.0 = Debug|ARM
		{05D0166D-221D-4F01-B400-F58994F113A6}.Debug|ARM.Deploy.0 = Debug|ARM
		{05D0166D-221D-4F01-B400-F58994F113A6}.Debug|Win32.ActiveCfg = Debug|Win32
		{05D0166D-221D-4F01-B400-F58994F113A6}.Debug|Win32.Build.0 = Debug|Win32
		{05D0166D-221D-4F01-B400-F58994F113A6}.Debug|Win32.Deploy.0 = Debug|Win32
		{05D0166D-221D-4F01-B400-F58994F113A6}.Debug|x64.ActiveCfg = Debug|Any CPU
		{05D0166D-221D-4F01-B400-F58994F113A6}.Debug|x86.ActiveCfg = Debug|x86
		{05D0166D-221D-4F01-B400-F58994F113A6}.Debug|x86.Build.0 = Debug|x86
		{05D0166D-221D-4F01-B400-F58994F113A6}.Debug|x86.Deploy.0 = Debug|x86
		{05D0166D-221D-4F01-B400-F58994F113A6}.Release|Any CPU.ActiveCfg = Release|Any CPU
		{05D0166D-221D-4F01-B400-F58994F113A6}.Release|Any CPU.Build.0 = Release|Any CPU
		{05D0166D-221D-4F01-B400-F58994F113A6}.Release|Any CPU.Deploy.0 = Release|Any CPU
		{05D0166D-221D-4F01-B400-F58994F113A6}.Release|ARM.ActiveCfg = Release|ARM
		{05D0166D-221D-4F01-B400-F58994F113A6}.Release|ARM.Build.0 = Release|ARM
		{05D0166D-221D-4F01-B400-F58994F113A6}.Release|ARM.Deploy.0 = Release|ARM
		{05D0166D-221D-4F01-B400-F58994F113A6}.Release|Win32.ActiveCfg = Release|Win32
		{05D0166D-221D-4F01-B400-F58994F113A6}.Release|Win32.Build.0 = Release|Win32
		{05D0166D-221D-4F01-B400-F58994F113A6}.Release|Win32.Deploy.0 = Release|Win32
		{05D0166D-221D-4F01-B400-F58994F113A6}.Release|x64.ActiveCfg = Release|Any CPU
		{05D0166D-221D-4F01-B400-F58994F113A6}.Release|x86.ActiveCfg = Release|x86
		{05D0166D-221D-4F01-B400-F58994F113A6}.Release|x86.Build.0 = Release|x86
		{05D0166D-221D-4F01-B400-F58994F113A6}.Release|x86.Deploy.0 = Release|x86
		{9AC513C7-E914-4962-AEA2-674F7631086B}.Debug|Any CPU.ActiveCfg = Debug|x86
		{9AC513C7-E914-4962-AEA2-674F7631086B}.Debug|Any CPU.Build.0 = Debug|x86
		{9AC513C7-E914-4962-AEA2-674F7631086B}.Debug|Any CPU.Deploy.0 = Debug|x86
		{9AC513C7-E914-4962-AEA2-674F7631086B}.Debug|ARM.ActiveCfg = Debug|ARM
		{9AC513C7-E914-4962-AEA2-674F7631086B}.Debug|ARM.Build.0 = Debug|ARM
		{9AC513C7-E914-4962-AEA2-674F7631086B}.Debug|ARM.Deploy.0 = Debug|ARM
		{9AC513C7-E914-4962-AEA2-674F7631086B}.Debug|Win32.ActiveCfg = Debug|Win32
		{9AC513C7-E914-4962-AEA2-674F7631086B}.Debug|Win32.Build.0 = Debug|Win32
		{9AC513C7-E914-4962-AEA2-674F7631086B}.Debug|Win32.Deploy.0 = Debug|Win32
		{9AC513C7-E914-4962-AEA2-674F7631086B}.Debug|x64.ActiveCfg = Debug|x64
		{9AC513C7-E914-4962-AEA2-674F7631086B}.Debug|x64.Build.0 = Debug|x64
		{9AC513C7-E914-4962-AEA2-674F7631086B}.Debug|x64.Deploy.0 = Debug|x64
		{9AC513C7-E914-4962-AEA2-674F7631086B}.Debug|x86.ActiveCfg = Debug|x86
		{9AC513C7-E914-4962-AEA2-674F7631086B}.Debug|x86.Build.0 = Debug|x86
		{9AC513C7-E914-4962-AEA2-674F7631086B}.Debug|x86.Deploy.0 = Debug|x86
		{9AC513C7-E914-4962-AEA2-674F7631086B}.Release|Any CPU.ActiveCfg = Release|Any CPU
		{9AC513C7-E914-4962-AEA2-674F7631086B}.Release|Any CPU.Build.0 = Release|Any CPU
		{9AC513C7-E914-4962-AEA2-674F7631086B}.Release|Any CPU.Deploy.0 = Release|Any CPU
		{9AC513C7-E914-4962-AEA2-674F7631086B}.Release|ARM.ActiveCfg = Release|ARM
		{9AC513C7-E914-4962-AEA2-674F7631086B}.Release|ARM.Build.0 = Release|ARM
		{9AC513C7-E914-4962-AEA2-674F7631086B}.Release|ARM.Deploy.0 = Release|ARM
		{9AC513C7-E914-4962-AEA2-674F7631086B}.Release|Win32.ActiveCfg = Release|Win32
		{9AC513C7-E914-4962-AEA2-674F7631086B}.Release|Win32.Build.0 = Release|Win32
		{9AC513C7-E914-4962-AEA2-674F7631086B}.Release|Win32.Deploy.0 = Release|Win32
		{9AC513C7-E914-4962-AEA2-674F7631086B}.Release|x64.ActiveCfg = Release|x64
		{9AC513C7-E914-4962-AEA2-674F7631086B}.Release|x64.Build.0 = Release|x64
		{9AC513C7-E914-4962-AEA2-674F7631086B}.Release|x64.Deploy.0 = Release|x64
		{9AC513C7-E914-4962-AEA2-674F7631086B}.Release|x86.ActiveCfg = Release|x86
		{9AC513C7-E914-4962-AEA2-674F7631086B}.Release|x86.Build.0 = Release|x86
		{9AC513C7-E914-4962-AEA2-674F7631086B}.Release|x86.Deploy.0 = Release|x86
		{D5A14F6F-E530-4FF4-B7E8-F9CDA798E8C8}.Debug|Any CPU.ActiveCfg = Debug|x86
		{D5A14F6F-E530-4FF4-B7E8-F9CDA798E8C8}.Debug|ARM.ActiveCfg = Debug|ARM
		{D5A14F6F-E530-4FF4-B7E8-F9CDA798E8C8}.Debug|ARM.Build.0 = Debug|ARM
		{D5A14F6F-E530-4FF4-B7E8-F9CDA798E8C8}.Debug|ARM.Deploy.0 = Debug|ARM
		{D5A14F6F-E530-4FF4-B7E8-F9CDA798E8C8}.Debug|Win32.ActiveCfg = Debug|Win32
		{D5A14F6F-E530-4FF4-B7E8-F9CDA798E8C8}.Debug|Win32.Build.0 = Debug|Win32
		{D5A14F6F-E530-4FF4-B7E8-F9CDA798E8C8}.Debug|Win32.Deploy.0 = Debug|Win32
		{D5A14F6F-E530-4FF4-B7E8-F9CDA798E8C8}.Debug|x64.ActiveCfg = Debug|Any CPU
		{D5A14F6F-E530-4FF4-B7E8-F9CDA798E8C8}.Debug|x86.ActiveCfg = Debug|x86
		{D5A14F6F-E530-4FF4-B7E8-F9CDA798E8C8}.Debug|x86.Build.0 = Debug|x86
		{D5A14F6F-E530-4FF4-B7E8-F9CDA798E8C8}.Debug|x86.Deploy.0 = Debug|x86
		{D5A14F6F-E530-4FF4-B7E8-F9CDA798E8C8}.Release|Any CPU.ActiveCfg = Release|Any CPU
		{D5A14F6F-E530-4FF4-B7E8-F9CDA798E8C8}.Release|Any CPU.Build.0 = Release|Any CPU
		{D5A14F6F-E530-4FF4-B7E8-F9CDA798E8C8}.Release|Any CPU.Deploy.0 = Release|Any CPU
		{D5A14F6F-E530-4FF4-B7E8-F9CDA798E8C8}.Release|ARM.ActiveCfg = Release|ARM
		{D5A14F6F-E530-4FF4-B7E8-F9CDA798E8C8}.Release|ARM.Build.0 = Release|ARM
		{D5A14F6F-E530-4FF4-B7E8-F9CDA798E8C8}.Release|ARM.Deploy.0 = Release|ARM
		{D5A14F6F-E530-4FF4-B7E8-F9CDA798E8C8}.Release|Win32.ActiveCfg = Release|Win32
		{D5A14F6F-E530-4FF4-B7E8-F9CDA798E8C8}.Release|Win32.Build.0 = Release|Win32
		{D5A14F6F-E530-4FF4-B7E8-F9CDA798E8C8}.Release|Win32.Deploy.0 = Release|Win32
		{D5A14F6F-E530-4FF4-B7E8-F9CDA798E8C8}.Release|x64.ActiveCfg = Release|Any CPU
		{D5A14F6F-E530-4FF4-B7E8-F9CDA798E8C8}.Release|x86.ActiveCfg = Release|x86
		{D5A14F6F-E530-4FF4-B7E8-F9CDA798E8C8}.Release|x86.Build.0 = Release|x86
		{D5A14F6F-E530-4FF4-B7E8-F9CDA798E8C8}.Release|x86.Deploy.0 = Release|x86
		{FD2311D8-1857-423A-8EAC-CB1BE5BF67F6}.Debug|Any CPU.ActiveCfg = Debug|x86
		{FD2311D8-1857-423A-8EAC-CB1BE5BF67F6}.Debug|Any CPU.Build.0 = Debug|x86
		{FD2311D8-1857-423A-8EAC-CB1BE5BF67F6}.Debug|Any CPU.Deploy.0 = Debug|x86
		{FD2311D8-1857-423A-8EAC-CB1BE5BF67F6}.Debug|ARM.ActiveCfg = Debug|ARM
		{FD2311D8-1857-423A-8EAC-CB1BE5BF67F6}.Debug|ARM.Build.0 = Debug|ARM
		{FD2311D8-1857-423A-8EAC-CB1BE5BF67F6}.Debug|ARM.Deploy.0 = Debug|ARM
		{FD2311D8-1857-423A-8EAC-CB1BE5BF67F6}.Debug|Win32.ActiveCfg = Debug|Win32
		{FD2311D8-1857-423A-8EAC-CB1BE5BF67F6}.Debug|Win32.Build.0 = Debug|Win32
		{FD2311D8-1857-423A-8EAC-CB1BE5BF67F6}.Debug|Win32.Deploy.0 = Debug|Win32
		{FD2311D8-1857-423A-8EAC-CB1BE5BF67F6}.Debug|x64.ActiveCfg = Debug|x64
		{FD2311D8-1857-423A-8EAC-CB1BE5BF67F6}.Debug|x64.Build.0 = Debug|x64
		{FD2311D8-1857-423A-8EAC-CB1BE5BF67F6}.Debug|x64.Deploy.0 = Debug|x64
		{FD2311D8-1857-423A-8EAC-CB1BE5BF67F6}.Debug|x86.ActiveCfg = Debug|x86
		{FD2311D8-1857-423A-8EAC-CB1BE5BF67F6}.Debug|x86.Build.0 = Debug|x86
		{FD2311D8-1857-423A-8EAC-CB1BE5BF67F6}.Debug|x86.Deploy.0 = Debug|x86
		{FD2311D8-1857-423A-8EAC-CB1BE5BF67F6}.Release|Any CPU.ActiveCfg = Release|Any CPU
		{FD2311D8-1857-423A-8EAC-CB1BE5BF67F6}.Release|Any CPU.Build.0 = Release|Any CPU
		{FD2311D8-1857-423A-8EAC-CB1BE5BF67F6}.Release|Any CPU.Deploy.0 = Release|Any CPU
		{FD2311D8-1857-423A-8EAC-CB1BE5BF67F6}.Release|ARM.ActiveCfg = Release|ARM
		{FD2311D8-1857-423A-8EAC-CB1BE5BF67F6}.Release|ARM.Build.0 = Release|ARM
		{FD2311D8-1857-423A-8EAC-CB1BE5BF67F6}.Release|ARM.Deploy.0 = Release|ARM
		{FD2311D8-1857-423A-8EAC-CB1BE5BF67F6}.Release|Win32.ActiveCfg = Release|Win32
		{FD2311D8-1857-423A-8EAC-CB1BE5BF67F6}.Release|Win32.Build.0 = Release|Win32
		{FD2311D8-1857-423A-8EAC-CB1BE5BF67F6}.Release|Win32.Deploy.0 = Release|Win32
		{FD2311D8-1857-423A-8EAC-CB1BE5BF67F6}.Release|x64.ActiveCfg = Release|x64
		{FD2311D8-1857-423A-8EAC-CB1BE5BF67F6}.Release|x64.Build.0 = Release|x64
		{FD2311D8-1857-423A-8EAC-CB1BE5BF67F6}.Release|x64.Deploy.0 = Release|x64
		{FD2311D8-1857-423A-8EAC-CB1BE5BF67F6}.Release|x86.ActiveCfg = Release|x86
		{FD2311D8-1857-423A-8EAC-CB1BE5BF67F6}.Release|x86.Build.0 = Release|x86
		{FD2311D8-1857-423A-8EAC-CB1BE5BF67F6}.Release|x86.Deploy.0 = Release|x86
		{55C537D1-A171-48E8-B919-6A29615A6E7D}.Debug|Any CPU.ActiveCfg = Debug|x86
		{55C537D1-A171-48E8-B919-6A29615A6E7D}.Debug|ARM.ActiveCfg = Debug|ARM
		{55C537D1-A171-48E8-B919-6A29615A6E7D}.Debug|ARM.Build.0 = Debug|ARM
		{55C537D1-A171-48E8-B919-6A29615A6E7D}.Debug|ARM.Deploy.0 = Debug|ARM
		{55C537D1-A171-48E8-B919-6A29615A6E7D}.Debug|Win32.ActiveCfg = Debug|Win32
		{55C537D1-A171-48E8-B919-6A29615A6E7D}.Debug|Win32.Build.0 = Debug|Win32
		{55C537D1-A171-48E8-B919-6A29615A6E7D}.Debug|Win32.Deploy.0 = Debug|Win32
		{55C537D1-A171-48E8-B919-6A29615A6E7D}.Debug|x64.ActiveCfg = Debug|Any CPU
		{55C537D1-A171-48E8-B919-6A29615A6E7D}.Debug|x86.ActiveCfg = Debug|x86
		{55C537D1-A171-48E8-B919-6A29615A6E7D}.Debug|x86.Build.0 = Debug|x86
		{55C537D1-A171-48E8-B919-6A29615A6E7D}.Debug|x86.Deploy.0 = Debug|x86
		{55C537D1-A171-48E8-B919-6A29615A6E7D}.Release|Any CPU.ActiveCfg = Release|Any CPU
		{55C537D1-A171-48E8-B919-6A29615A6E7D}.Release|Any CPU.Build.0 = Release|Any CPU
		{55C537D1-A171-48E8-B919-6A29615A6E7D}.Release|Any CPU.Deploy.0 = Release|Any CPU
		{55C537D1-A171-48E8-B919-6A29615A6E7D}.Release|ARM.ActiveCfg = Release|ARM
		{55C537D1-A171-48E8-B919-6A29615A6E7D}.Release|ARM.Build.0 = Release|ARM
		{55C537D1-A171-48E8-B919-6A29615A6E7D}.Release|ARM.Deploy.0 = Release|ARM
		{55C537D1-A171-48E8-B919-6A29615A6E7D}.Release|Win32.ActiveCfg = Release|Win32
		{55C537D1-A171-48E8-B919-6A29615A6E7D}.Release|Win32.Build.0 = Release|Win32
		{55C537D1-A171-48E8-B919-6A29615A6E7D}.Release|Win32.Deploy.0 = Release|Win32
		{55C537D1-A171-48E8-B919-6A29615A6E7D}.Release|x64.ActiveCfg = Release|Any CPU
		{55C537D1-A171-48E8-B919-6A29615A6E7D}.Release|x86.ActiveCfg = Release|x86
		{55C537D1-A171-48E8-B919-6A29615A6E7D}.Release|x86.Build.0 = Release|x86
		{55C537D1-A171-48E8-B919-6A29615A6E7D}.Release|x86.Deploy.0 = Release|x86
		{1128B2E0-0B2D-41CF-8A02-0EB0A1743C06}.Debug|Any CPU.ActiveCfg = Debug|x86
		{1128B2E0-0B2D-41CF-8A02-0EB0A1743C06}.Debug|Any CPU.Build.0 = Debug|x86
		{1128B2E0-0B2D-41CF-8A02-0EB0A1743C06}.Debug|Any CPU.Deploy.0 = Debug|x86
		{1128B2E0-0B2D-41CF-8A02-0EB0A1743C06}.Debug|ARM.ActiveCfg = Debug|ARM
		{1128B2E0-0B2D-41CF-8A02-0EB0A1743C06}.Debug|ARM.Build.0 = Debug|ARM
		{1128B2E0-0B2D-41CF-8A02-0EB0A1743C06}.Debug|ARM.Deploy.0 = Debug|ARM
		{1128B2E0-0B2D-41CF-8A02-0EB0A1743C06}.Debug|Win32.ActiveCfg = Debug|Win32
		{1128B2E0-0B2D-41CF-8A02-0EB0A1743C06}.Debug|Win32.Build.0 = Debug|Win32
		{1128B2E0-0B2D-41CF-8A02-0EB0A1743C06}.Debug|Win32.Deploy.0 = Debug|Win32
		{1128B2E0-0B2D-41CF-8A02-0EB0A1743C06}.Debug|x64.ActiveCfg = Debug|x64
		{1128B2E0-0B2D-41CF-8A02-0EB0A1743C06}.Debug|x64.Build.0 = Debug|x64
		{1128B2E0-0B2D-41CF-8A02-0EB0A1743C06}.Debug|x64.Deploy.0 = Debug|x64
		{1128B2E0-0B2D-41CF-8A02-0EB0A1743C06}.Debug|x86.ActiveCfg = Debug|x86
		{1128B2E0-0B2D-41CF-8A02-0EB0A1743C06}.Debug|x86.Build.0 = Debug|x86
		{1128B2E0-0B2D-41CF-8A02-0EB0A1743C06}.Debug|x86.Deploy.0 = Debug|x86
		{1128B2E0-0B2D-41CF-8A02-0EB0A1743C06}.Release|Any CPU.ActiveCfg = Release|Any CPU
		{1128B2E0-0B2D-41CF-8A02-0EB0A1743C06}.Release|Any CPU.Build.0 = Release|Any CPU
		{1128B2E0-0B2D-41CF-8A02-0EB0A1743C06}.Release|Any CPU.Deploy.0 = Release|Any CPU
		{1128B2E0-0B2D-41CF-8A02-0EB0A1743C06}.Release|ARM.ActiveCfg = Release|ARM
		{1128B2E0-0B2D-41CF-8A02-0EB0A1743C06}.Release|ARM.Build.0 = Release|ARM
		{1128B2E0-0B2D-41CF-8A02-0EB0A1743C06}.Release|ARM.Deploy.0 = Release|ARM
		{1128B2E0-0B2D-41CF-8A02-0EB0A1743C06}.Release|Win32.ActiveCfg = Release|Win32
		{1128B2E0-0B2D-41CF-8A02-0EB0A1743C06}.Release|Win32.Build.0 = Release|Win32
		{1128B2E0-0B2D-41CF-8A02-0EB0A1743C06}.Release|Win32.Deploy.0 = Release|Win32
		{1128B2E0-0B2D-41CF-8A02-0EB0A1743C06}.Release|x64.ActiveCfg = Release|x64
		{1128B2E0-0B2D-41CF-8A02-0EB0A1743C06}.Release|x64.Build.0 = Release|x64
		{1128B2E0-0B2D-41CF-8A02-0EB0A1743C06}.Release|x64.Deploy.0 = Release|x64
		{1128B2E0-0B2D-41CF-8A02-0EB0A1743C06}.Release|x86.ActiveCfg = Release|x86
		{1128B2E0-0B2D-41CF-8A02-0EB0A1743C06}.Release|x86.Build.0 = Release|x86
		{1128B2E0-0B2D-41CF-8A02-0EB0A1743C06}.Release|x86.Deploy.0 = Release|x86
		{14B5D9A8-1BD0-45A6-9876-6B004A46942C}.Debug|Any CPU.ActiveCfg = Debug|x86
		{14B5D9A8-1BD0-45A6-9876-6B004A46942C}.Debug|ARM.ActiveCfg = Debug|ARM
		{14B5D9A8-1BD0-45A6-9876-6B004A46942C}.Debug|ARM.Build.0 = Debug|ARM
		{14B5D9A8-1BD0-45A6-9876-6B004A46942C}.Debug|ARM.Deploy.0 = Debug|ARM
		{14B5D9A8-1BD0-45A6-9876-6B004A46942C}.Debug|Win32.ActiveCfg = Debug|Win32
		{14B5D9A8-1BD0-45A6-9876-6B004A46942C}.Debug|Win32.Build.0 = Debug|Win32
		{14B5D9A8-1BD0-45A6-9876-6B004A46942C}.Debug|Win32.Deploy.0 = Debug|Win32
		{14B5D9A8-1BD0-45A6-9876-6B004A46942C}.Debug|x64.ActiveCfg = Debug|Any CPU
		{14B5D9A8-1BD0-45A6-9876-6B004A46942C}.Debug|x86.ActiveCfg = Debug|x86
		{14B5D9A8-1BD0-45A6-9876-6B004A46942C}.Debug|x86.Build.0 = Debug|x86
		{14B5D9A8-1BD0-45A6-9876-6B004A46942C}.Debug|x86.Deploy.0 = Debug|x86
		{14B5D9A8-1BD0-45A6-9876-6B004A46942C}.Release|Any CPU.ActiveCfg = Release|Any CPU
		{14B5D9A8-1BD0-45A6-9876-6B004A46942C}.Release|Any CPU.Build.0 = Release|Any CPU
		{14B5D9A8-1BD0-45A6-9876-6B004A46942C}.Release|Any CPU.Deploy.0 = Release|Any CPU
		{14B5D9A8-1BD0-45A6-9876-6B004A46942C}.Release|ARM.ActiveCfg = Release|ARM
		{14B5D9A8-1BD0-45A6-9876-6B004A46942C}.Release|ARM.Build.0 = Release|ARM
		{14B5D9A8-1BD0-45A6-9876-6B004A46942C}.Release|ARM.Deploy.0 = Release|ARM
		{14B5D9A8-1BD0-45A6-9876-6B004A46942C}.Release|Win32.ActiveCfg = Release|Win32
		{14B5D9A8-1BD0-45A6-9876-6B004A46942C}.Release|Win32.Build.0 = Release|Win32
		{14B5D9A8-1BD0-45A6-9876-6B004A46942C}.Release|Win32.Deploy.0 = Release|Win32
		{14B5D9A8-1BD0-45A6-9876-6B004A46942C}.Release|x64.ActiveCfg = Release|Any CPU
		{14B5D9A8-1BD0-45A6-9876-6B004A46942C}.Release|x86.ActiveCfg = Release|x86
		{14B5D9A8-1BD0-45A6-9876-6B004A46942C}.Release|x86.Build.0 = Release|x86
		{14B5D9A8-1BD0-45A6-9876-6B004A46942C}.Release|x86.Deploy.0 = Release|x86
	EndGlobalSection
	GlobalSection(SolutionProperties) = preSolution
		HideSolutionNode = FALSE
	EndGlobalSection
	GlobalSection(NestedProjects) = preSolution
		{E3E39E8E-E651-404E-A598-855AEA62A0FA} = {F59CE929-DEF4-4938-9E19-F520F50B3F9C}
		{30CE693B-D682-4CF9-A56A-3497AC89BE05} = {E3E39E8E-E651-404E-A598-855AEA62A0FA}
		{8F36F1FC-66FF-4F95-96F7-A3BB9C2140E2} = {30CE693B-D682-4CF9-A56A-3497AC89BE05}
		{280D7A35-6078-4D34-8C41-B6655515C23B} = {30CE693B-D682-4CF9-A56A-3497AC89BE05}
		{247C61CB-3D2C-4313-AAE7-A44142CE04D9} = {30CE693B-D682-4CF9-A56A-3497AC89BE05}
		{253BC761-3AA6-43C1-9EA4-AE610C6D9AB5} = {E3E39E8E-E651-404E-A598-855AEA62A0FA}
		{86C4C8DA-5AEA-442E-BA48-C174B2534162} = {253BC761-3AA6-43C1-9EA4-AE610C6D9AB5}
		{15A0AD6C-D4B9-45F5-AE7D-E4FF4DE7EBC3} = {253BC761-3AA6-43C1-9EA4-AE610C6D9AB5}
		{3ACBDB3A-7E51-48C0-A83C-24879C2D3BAA} = {253BC761-3AA6-43C1-9EA4-AE610C6D9AB5}
		{96984FA5-DD6C-4390-8AEC-31C47B8E1DD0} = {253BC761-3AA6-43C1-9EA4-AE610C6D9AB5}
		{21F63501-C3CB-45BC-842F-9C9148060D4F} = {E3E39E8E-E651-404E-A598-855AEA62A0FA}
		{5AC48EC4-4E2D-42C3-85E2-608C1923346D} = {21F63501-C3CB-45BC-842F-9C9148060D4F}
		{16827954-DB6F-4617-86C5-0B2F732E3750} = {21F63501-C3CB-45BC-842F-9C9148060D4F}
		{36704DFE-1058-489E-9ED5-CBD44BFCA6CA} = {21F63501-C3CB-45BC-842F-9C9148060D4F}
		{520C9FA3-1ABF-4DE4-AB30-59BF8070DB64} = {21F63501-C3CB-45BC-842F-9C9148060D4F}
		{61C6978F-67D3-486A-98B1-CB8BE8B19D4C} = {E3E39E8E-E651-404E-A598-855AEA62A0FA}
		{020E0C47-5D7D-4581-9837-EA09AFCBE74F} = {61C6978F-67D3-486A-98B1-CB8BE8B19D4C}
		{0DC28836-EA89-4A16-8318-E91F6B6599CF} = {61C6978F-67D3-486A-98B1-CB8BE8B19D4C}
		{BB7E7775-CB5A-4307-BB05-373C8766092A} = {61C6978F-67D3-486A-98B1-CB8BE8B19D4C}
		{5950BB1B-5CC1-45EF-A826-8BAD715E3C22} = {61C6978F-67D3-486A-98B1-CB8BE8B19D4C}
		{39CA0ABD-B725-4500-AB95-4B838CCAF382} = {E3E39E8E-E651-404E-A598-855AEA62A0FA}
		{068C9D58-ADAE-4357-8A7B-5916E81CEED3} = {39CA0ABD-B725-4500-AB95-4B838CCAF382}
		{BED16F97-439D-4298-96EC-04503371CD6B} = {39CA0ABD-B725-4500-AB95-4B838CCAF382}
		{2F49118B-5114-42E0-B103-5F64B9E85069} = {39CA0ABD-B725-4500-AB95-4B838CCAF382}
		{E0615AAB-D679-4697-B237-FC5D20FEE3C6} = {39CA0ABD-B725-4500-AB95-4B838CCAF382}
		{F23D37A9-419F-453D-A88F-9B2A7B5D5649} = {E3E39E8E-E651-404E-A598-855AEA62A0FA}
		{2AF6BD7B-DCB4-420C-A289-64A1026F1828} = {F23D37A9-419F-453D-A88F-9B2A7B5D5649}
		{291B6061-848B-47E8-9884-4BBE4D8E8E54} = {F23D37A9-419F-453D-A88F-9B2A7B5D5649}
		{5CBDF1CF-2BC0-48CA-AE70-7FD3EAE713F2} = {F23D37A9-419F-453D-A88F-9B2A7B5D5649}
		{487836C0-7A1C-4B3B-9CEB-A880E25F675D} = {F23D37A9-419F-453D-A88F-9B2A7B5D5649}
		{ED594710-C279-43C7-8FF7-239225A97BD8} = {E3E39E8E-E651-404E-A598-855AEA62A0FA}
		{AA34072E-B4A6-4E7B-B2E0-BD7C0956C429} = {ED594710-C279-43C7-8FF7-239225A97BD8}
		{E11FCCB5-C31E-4EB4-BCCC-DF433C1DF3C0} = {ED594710-C279-43C7-8FF7-239225A97BD8}
		{B560E1CA-E203-460A-A512-80B120382CF5} = {ED594710-C279-43C7-8FF7-239225A97BD8}
		{29B336B3-6D32-4769-B58F-8AB8DF956BE4} = {ED594710-C279-43C7-8FF7-239225A97BD8}
		{E2BD5F41-F820-4A1E-AEB7-F6C1ADF3EB06} = {E3E39E8E-E651-404E-A598-855AEA62A0FA}
		{DC84542C-7EE6-4F74-AA14-A61213507A9C} = {E2BD5F41-F820-4A1E-AEB7-F6C1ADF3EB06}
		{A0CE9FF4-79D8-4EEE-9277-BA754DAF4BCA} = {E2BD5F41-F820-4A1E-AEB7-F6C1ADF3EB06}
		{4680ED7C-A388-4C1E-B64A-6303AE171248} = {E2BD5F41-F820-4A1E-AEB7-F6C1ADF3EB06}
		{05D0166D-221D-4F01-B400-F58994F113A6} = {E2BD5F41-F820-4A1E-AEB7-F6C1ADF3EB06}
		{D51C1950-5DA1-4A14-9A6C-6B983DA1AA5C} = {E3E39E8E-E651-404E-A598-855AEA62A0FA}
		{D1416132-6506-4585-BCB8-3A50BCDC2C2C} = {D51C1950-5DA1-4A14-9A6C-6B983DA1AA5C}
		{BFCB0EB5-3D19-4FAA-92CC-A7587B0B319A} = {D51C1950-5DA1-4A14-9A6C-6B983DA1AA5C}
		{9AC513C7-E914-4962-AEA2-674F7631086B} = {D51C1950-5DA1-4A14-9A6C-6B983DA1AA5C}
		{D5A14F6F-E530-4FF4-B7E8-F9CDA798E8C8} = {D51C1950-5DA1-4A14-9A6C-6B983DA1AA5C}
		{75B1D94E-4742-4B19-847A-4B99064AA159} = {E3E39E8E-E651-404E-A598-855AEA62A0FA}
		{3FE81C84-82DA-4ACD-A543-21E4FE357476} = {75B1D94E-4742-4B19-847A-4B99064AA159}
		{978D0130-2354-481E-8E9E-249E27A25212} = {75B1D94E-4742-4B19-847A-4B99064AA159}
		{FD2311D8-1857-423A-8EAC-CB1BE5BF67F6} = {75B1D94E-4742-4B19-847A-4B99064AA159}
		{55C537D1-A171-48E8-B919-6A29615A6E7D} = {75B1D94E-4742-4B19-847A-4B99064AA159}
		{36F43F3D-B9B9-4F97-B549-A5D5AB746034} = {E3E39E8E-E651-404E-A598-855AEA62A0FA}
		{8EBB6A7E-005E-4F05-BAB7-952944D90DE1} = {36F43F3D-B9B9-4F97-B549-A5D5AB746034}
		{956592A5-0DAC-4894-848C-7EB436F1BF33} = {36F43F3D-B9B9-4F97-B549-A5D5AB746034}
		{1128B2E0-0B2D-41CF-8A02-0EB0A1743C06} = {36F43F3D-B9B9-4F97-B549-A5D5AB746034}
		{14B5D9A8-1BD0-45A6-9876-6B004A46942C} = {36F43F3D-B9B9-4F97-B549-A5D5AB746034}
	EndGlobalSection
EndGlobal
